// !$*UTF8*$!
{
	archiveVersion = 1;
	classes = {
	};
	objectVersion = 56;
	objects = {

/* Begin PBXBuildFile section */
		401626522BACD6CF00F08AF4 /* TournamentTableHeader.swift in Sources */ = {isa = PBXBuildFile; fileRef = 401626512BACD6CF00F08AF4 /* TournamentTableHeader.swift */; };
		4024C38A2BBC586200B86351 /* EventDetailsViewController.swift in Sources */ = {isa = PBXBuildFile; fileRef = 4024C3892BBC586200B86351 /* EventDetailsViewController.swift */; };
		4024C38C2BBC66C200B86351 /* MainViewController.swift in Sources */ = {isa = PBXBuildFile; fileRef = 4024C38B2BBC66C100B86351 /* MainViewController.swift */; };
		4024C38E2BBC66D600B86351 /* MainHeaderView.swift in Sources */ = {isa = PBXBuildFile; fileRef = 4024C38D2BBC66D600B86351 /* MainHeaderView.swift */; };
		4024C3922BBC672100B86351 /* TabItemView.swift in Sources */ = {isa = PBXBuildFile; fileRef = 4024C3912BBC672100B86351 /* TabItemView.swift */; };
		4024C3962BBC6C4200B86351 /* SafeAreaCoverView.swift in Sources */ = {isa = PBXBuildFile; fileRef = 4024C3952BBC6C4200B86351 /* SafeAreaCoverView.swift */; };
		4037CA532BAC50F000627202 /* String+Common.swift in Sources */ = {isa = PBXBuildFile; fileRef = 4037CA522BAC50F000627202 /* String+Common.swift */; };
		4037CA5A2BAC9BBA00627202 /* EventsViewController.swift in Sources */ = {isa = PBXBuildFile; fileRef = 4037CA592BAC9BBA00627202 /* EventsViewController.swift */; };
		4037CA5C2BAC9F7A00627202 /* EventTableCell.swift in Sources */ = {isa = PBXBuildFile; fileRef = 4037CA5B2BAC9F7A00627202 /* EventTableCell.swift */; };
		403B1B242B9F0E4000AD49C2 /* AppDelegate.swift in Sources */ = {isa = PBXBuildFile; fileRef = 403B1B232B9F0E4000AD49C2 /* AppDelegate.swift */; };
		403B1B2D2B9F0E4100AD49C2 /* Assets.xcassets in Resources */ = {isa = PBXBuildFile; fileRef = 403B1B2C2B9F0E4100AD49C2 /* Assets.xcassets */; };
		403B1B302B9F0E4100AD49C2 /* LaunchScreen.storyboard in Resources */ = {isa = PBXBuildFile; fileRef = 403B1B2E2B9F0E4100AD49C2 /* LaunchScreen.storyboard */; };
		405F38B42BBED85100FE9F95 /* TabView.swift in Sources */ = {isa = PBXBuildFile; fileRef = 405F38B32BBED85100FE9F95 /* TabView.swift */; };
		405F38BA2BBEE94300FE9F95 /* TabItemDelegateProtocol.swift in Sources */ = {isa = PBXBuildFile; fileRef = 405F38B92BBEE94300FE9F95 /* TabItemDelegateProtocol.swift */; };
		406838FB2BA5E2AD00B7FF60 /* Roboto-Bold.ttf in Resources */ = {isa = PBXBuildFile; fileRef = 406838F82BA5E2AD00B7FF60 /* Roboto-Bold.ttf */; };
		406838FC2BA5E2AD00B7FF60 /* Roboto-Regular.ttf in Resources */ = {isa = PBXBuildFile; fileRef = 406838F92BA5E2AD00B7FF60 /* Roboto-Regular.ttf */; };
		406838FD2BA5E2AD00B7FF60 /* RobotoCondensed-Regular.ttf in Resources */ = {isa = PBXBuildFile; fileRef = 406838FA2BA5E2AD00B7FF60 /* RobotoCondensed-Regular.ttf */; };
		40932A2C2BAD83DA00DCD1D6 /* EventView.swift in Sources */ = {isa = PBXBuildFile; fileRef = 40932A2B2BAD83DA00DCD1D6 /* EventView.swift */; };
		40932A2E2BAD845B00DCD1D6 /* MatchTimeView.swift in Sources */ = {isa = PBXBuildFile; fileRef = 40932A2D2BAD845B00DCD1D6 /* MatchTimeView.swift */; };
		40932A322BAD849F00DCD1D6 /* TeamView.swift in Sources */ = {isa = PBXBuildFile; fileRef = 40932A312BAD849E00DCD1D6 /* TeamView.swift */; };
		40932A342BAD860A00DCD1D6 /* TournamentHeaderView.swift in Sources */ = {isa = PBXBuildFile; fileRef = 40932A332BAD860A00DCD1D6 /* TournamentHeaderView.swift */; };
		40932A362BAD88D200DCD1D6 /* EventModel.swift in Sources */ = {isa = PBXBuildFile; fileRef = 40932A352BAD88D200DCD1D6 /* EventModel.swift */; };
		40932A382BAD898E00DCD1D6 /* TournamentHeaderModel.swift in Sources */ = {isa = PBXBuildFile; fileRef = 40932A372BAD898E00DCD1D6 /* TournamentHeaderModel.swift */; };
		4097FBE02BAB78C200CB4692 /* EventDateHelper.swift in Sources */ = {isa = PBXBuildFile; fileRef = 4097FBDF2BAB78C200CB4692 /* EventDateHelper.swift */; };
		40CD8DB02BBD5A4E001B7B1B /* SettingsViewController.swift in Sources */ = {isa = PBXBuildFile; fileRef = 40CD8DAF2BBD5A4E001B7B1B /* SettingsViewController.swift */; };
		40DF835D2BA1BD1600B2063E /* SnapKit in Frameworks */ = {isa = PBXBuildFile; productRef = 40DF835C2BA1BD1600B2063E /* SnapKit */; };
		40DF835F2BA1BD1600B2063E /* SnapKit-Dynamic in Frameworks */ = {isa = PBXBuildFile; productRef = 40DF835E2BA1BD1600B2063E /* SnapKit-Dynamic */; };
		40DF83622BA1BD4200B2063E /* SofaAcademic in Frameworks */ = {isa = PBXBuildFile; productRef = 40DF83612BA1BD4200B2063E /* SofaAcademic */; };
		40E50C412BBD770300811859 /* TabBarSports.swift in Sources */ = {isa = PBXBuildFile; fileRef = 40E50C402BBD770300811859 /* TabBarSports.swift */; };
		40E50C472BBDE2C800811859 /* TabBarItemModel.swift in Sources */ = {isa = PBXBuildFile; fileRef = 40E50C462BBDE2C800811859 /* TabBarItemModel.swift */; };
		40E803DB2BA34B870097C8C1 /* Fonts.swift in Sources */ = {isa = PBXBuildFile; fileRef = 40E803DA2BA34B870097C8C1 /* Fonts.swift */; };
		40F216182BA7761A00A777BE /* MatchStatus.swift in Sources */ = {isa = PBXBuildFile; fileRef = 40F216172BA7761900A777BE /* MatchStatus.swift */; };
/* End PBXBuildFile section */

/* Begin PBXFileReference section */
		401626512BACD6CF00F08AF4 /* TournamentTableHeader.swift */ = {isa = PBXFileReference; lastKnownFileType = sourcecode.swift; path = TournamentTableHeader.swift; sourceTree = "<group>"; };
		4024C3892BBC586200B86351 /* EventDetailsViewController.swift */ = {isa = PBXFileReference; lastKnownFileType = sourcecode.swift; path = EventDetailsViewController.swift; sourceTree = "<group>"; };
		4024C38B2BBC66C100B86351 /* MainViewController.swift */ = {isa = PBXFileReference; lastKnownFileType = sourcecode.swift; path = MainViewController.swift; sourceTree = "<group>"; };
		4024C38D2BBC66D600B86351 /* MainHeaderView.swift */ = {isa = PBXFileReference; lastKnownFileType = sourcecode.swift; path = MainHeaderView.swift; sourceTree = "<group>"; };
		4024C3912BBC672100B86351 /* TabItemView.swift */ = {isa = PBXFileReference; lastKnownFileType = sourcecode.swift; path = TabItemView.swift; sourceTree = "<group>"; };
		4024C3952BBC6C4200B86351 /* SafeAreaCoverView.swift */ = {isa = PBXFileReference; lastKnownFileType = sourcecode.swift; path = SafeAreaCoverView.swift; sourceTree = "<group>"; };
		4037CA522BAC50F000627202 /* String+Common.swift */ = {isa = PBXFileReference; lastKnownFileType = sourcecode.swift; path = "String+Common.swift"; sourceTree = "<group>"; };
		4037CA592BAC9BBA00627202 /* EventsViewController.swift */ = {isa = PBXFileReference; lastKnownFileType = sourcecode.swift; path = EventsViewController.swift; sourceTree = "<group>"; };
		4037CA5B2BAC9F7A00627202 /* EventTableCell.swift */ = {isa = PBXFileReference; lastKnownFileType = sourcecode.swift; path = EventTableCell.swift; sourceTree = "<group>"; };
		403B1B202B9F0E4000AD49C2 /* SofascoreAcademy.app */ = {isa = PBXFileReference; explicitFileType = wrapper.application; includeInIndex = 0; path = SofascoreAcademy.app; sourceTree = BUILT_PRODUCTS_DIR; };
		403B1B232B9F0E4000AD49C2 /* AppDelegate.swift */ = {isa = PBXFileReference; lastKnownFileType = sourcecode.swift; path = AppDelegate.swift; sourceTree = "<group>"; };
		403B1B2C2B9F0E4100AD49C2 /* Assets.xcassets */ = {isa = PBXFileReference; lastKnownFileType = folder.assetcatalog; path = Assets.xcassets; sourceTree = "<group>"; };
		403B1B2F2B9F0E4100AD49C2 /* Base */ = {isa = PBXFileReference; lastKnownFileType = file.storyboard; name = Base; path = Base.lproj/LaunchScreen.storyboard; sourceTree = "<group>"; };
		403B1B312B9F0E4100AD49C2 /* Info.plist */ = {isa = PBXFileReference; lastKnownFileType = text.plist.xml; path = Info.plist; sourceTree = "<group>"; };
		405F38B32BBED85100FE9F95 /* TabView.swift */ = {isa = PBXFileReference; lastKnownFileType = sourcecode.swift; path = TabView.swift; sourceTree = "<group>"; };
		405F38B92BBEE94300FE9F95 /* TabItemDelegateProtocol.swift */ = {isa = PBXFileReference; lastKnownFileType = sourcecode.swift; path = TabItemDelegateProtocol.swift; sourceTree = "<group>"; };
		406838F82BA5E2AD00B7FF60 /* Roboto-Bold.ttf */ = {isa = PBXFileReference; lastKnownFileType = file; path = "Roboto-Bold.ttf"; sourceTree = "<group>"; };
		406838F92BA5E2AD00B7FF60 /* Roboto-Regular.ttf */ = {isa = PBXFileReference; lastKnownFileType = file; path = "Roboto-Regular.ttf"; sourceTree = "<group>"; };
		406838FA2BA5E2AD00B7FF60 /* RobotoCondensed-Regular.ttf */ = {isa = PBXFileReference; lastKnownFileType = file; path = "RobotoCondensed-Regular.ttf"; sourceTree = "<group>"; };
		40932A2B2BAD83DA00DCD1D6 /* EventView.swift */ = {isa = PBXFileReference; lastKnownFileType = sourcecode.swift; path = EventView.swift; sourceTree = "<group>"; };
		40932A2D2BAD845B00DCD1D6 /* MatchTimeView.swift */ = {isa = PBXFileReference; lastKnownFileType = sourcecode.swift; path = MatchTimeView.swift; sourceTree = "<group>"; };
		40932A312BAD849E00DCD1D6 /* TeamView.swift */ = {isa = PBXFileReference; lastKnownFileType = sourcecode.swift; path = TeamView.swift; sourceTree = "<group>"; };
		40932A332BAD860A00DCD1D6 /* TournamentHeaderView.swift */ = {isa = PBXFileReference; lastKnownFileType = sourcecode.swift; path = TournamentHeaderView.swift; sourceTree = "<group>"; };
		40932A352BAD88D200DCD1D6 /* EventModel.swift */ = {isa = PBXFileReference; lastKnownFileType = sourcecode.swift; path = EventModel.swift; sourceTree = "<group>"; };
		40932A372BAD898E00DCD1D6 /* TournamentHeaderModel.swift */ = {isa = PBXFileReference; lastKnownFileType = sourcecode.swift; path = TournamentHeaderModel.swift; sourceTree = "<group>"; };
		4097FBDF2BAB78C200CB4692 /* EventDateHelper.swift */ = {isa = PBXFileReference; lastKnownFileType = sourcecode.swift; path = EventDateHelper.swift; sourceTree = "<group>"; };
		40CD8DAF2BBD5A4E001B7B1B /* SettingsViewController.swift */ = {isa = PBXFileReference; lastKnownFileType = sourcecode.swift; path = SettingsViewController.swift; sourceTree = "<group>"; };
		40E50C402BBD770300811859 /* TabBarSports.swift */ = {isa = PBXFileReference; lastKnownFileType = sourcecode.swift; path = TabBarSports.swift; sourceTree = "<group>"; };
		40E50C462BBDE2C800811859 /* TabBarItemModel.swift */ = {isa = PBXFileReference; lastKnownFileType = sourcecode.swift; path = TabBarItemModel.swift; sourceTree = "<group>"; };
		40E803DA2BA34B870097C8C1 /* Fonts.swift */ = {isa = PBXFileReference; lastKnownFileType = sourcecode.swift; path = Fonts.swift; sourceTree = "<group>"; };
		40F216172BA7761900A777BE /* MatchStatus.swift */ = {isa = PBXFileReference; lastKnownFileType = sourcecode.swift; path = MatchStatus.swift; sourceTree = "<group>"; };
/* End PBXFileReference section */

/* Begin PBXFrameworksBuildPhase section */
		403B1B1D2B9F0E4000AD49C2 /* Frameworks */ = {
			isa = PBXFrameworksBuildPhase;
			buildActionMask = 2147483647;
			files = (
				40DF835D2BA1BD1600B2063E /* SnapKit in Frameworks */,
				40DF83622BA1BD4200B2063E /* SofaAcademic in Frameworks */,
				40DF835F2BA1BD1600B2063E /* SnapKit-Dynamic in Frameworks */,
			);
			runOnlyForDeploymentPostprocessing = 0;
		};
/* End PBXFrameworksBuildPhase section */

/* Begin PBXGroup section */
		401626532BACE38B00F08AF4 /* Table Cell Views */ = {
			isa = PBXGroup;
			children = (
				4037CA5B2BAC9F7A00627202 /* EventTableCell.swift */,
				401626512BACD6CF00F08AF4 /* TournamentTableHeader.swift */,
			);
			path = "Table Cell Views";
			sourceTree = "<group>";
		};
		4037CA542BAC7D4D00627202 /* Helpers */ = {
			isa = PBXGroup;
			children = (
				4097FBDF2BAB78C200CB4692 /* EventDateHelper.swift */,
			);
			path = Helpers;
			sourceTree = "<group>";
		};
		403B1B172B9F0E4000AD49C2 = {
			isa = PBXGroup;
			children = (
				403B1B222B9F0E4000AD49C2 /* SofascoreAcademy */,
				403B1B212B9F0E4000AD49C2 /* Products */,
			);
			sourceTree = "<group>";
		};
		403B1B212B9F0E4000AD49C2 /* Products */ = {
			isa = PBXGroup;
			children = (
				403B1B202B9F0E4000AD49C2 /* SofascoreAcademy.app */,
			);
			name = Products;
			sourceTree = "<group>";
		};
		403B1B222B9F0E4000AD49C2 /* SofascoreAcademy */ = {
			isa = PBXGroup;
			children = (
				405F38B82BBEE93500FE9F95 /* Protocols */,
				40F216222BA7A78F00A777BE /* Attributes */,
				40E803D92BA3246A0097C8C1 /* Controllers */,
				4037CA542BAC7D4D00627202 /* Helpers */,
				40E803D72BA324520097C8C1 /* Models */,
				40E803D82BA324610097C8C1 /* Views */,
				403B1B232B9F0E4000AD49C2 /* AppDelegate.swift */,
				40E803DF2BA352E00097C8C1 /* fonts */,
				403B1B2C2B9F0E4100AD49C2 /* Assets.xcassets */,
				403B1B2E2B9F0E4100AD49C2 /* LaunchScreen.storyboard */,
				403B1B312B9F0E4100AD49C2 /* Info.plist */,
			);
			path = SofascoreAcademy;
			sourceTree = "<group>";
		};
		405F38B52BBED85900FE9F95 /* Tab Views */ = {
			isa = PBXGroup;
			children = (
				4024C3912BBC672100B86351 /* TabItemView.swift */,
				405F38B32BBED85100FE9F95 /* TabView.swift */,
			);
			path = "Tab Views";
			sourceTree = "<group>";
		};
		405F38B62BBED88300FE9F95 /* Event Views */ = {
			isa = PBXGroup;
			children = (
				40932A312BAD849E00DCD1D6 /* TeamView.swift */,
				40932A2D2BAD845B00DCD1D6 /* MatchTimeView.swift */,
				40932A2B2BAD83DA00DCD1D6 /* EventView.swift */,
			);
			path = "Event Views";
			sourceTree = "<group>";
		};
		405F38B72BBED8A400FE9F95 /* Header Views */ = {
			isa = PBXGroup;
			children = (
				40932A332BAD860A00DCD1D6 /* TournamentHeaderView.swift */,
				4024C38D2BBC66D600B86351 /* MainHeaderView.swift */,
			);
			path = "Header Views";
			sourceTree = "<group>";
		};
		405F38B82BBEE93500FE9F95 /* Protocols */ = {
			isa = PBXGroup;
			children = (
				405F38B92BBEE94300FE9F95 /* TabItemDelegateProtocol.swift */,
			);
			path = Protocols;
			sourceTree = "<group>";
		};
		40E803D72BA324520097C8C1 /* Models */ = {
			isa = PBXGroup;
			children = (
				40932A372BAD898E00DCD1D6 /* TournamentHeaderModel.swift */,
				40932A352BAD88D200DCD1D6 /* EventModel.swift */,
				40F216172BA7761900A777BE /* MatchStatus.swift */,
				40E50C402BBD770300811859 /* TabBarSports.swift */,
				40E50C462BBDE2C800811859 /* TabBarItemModel.swift */,
			);
			path = Models;
			sourceTree = "<group>";
		};
		40E803D82BA324610097C8C1 /* Views */ = {
			isa = PBXGroup;
			children = (
				405F38B72BBED8A400FE9F95 /* Header Views */,
				405F38B62BBED88300FE9F95 /* Event Views */,
				405F38B52BBED85900FE9F95 /* Tab Views */,
				401626532BACE38B00F08AF4 /* Table Cell Views */,
				4024C3952BBC6C4200B86351 /* SafeAreaCoverView.swift */,
			);
			path = Views;
			sourceTree = "<group>";
		};
		40E803D92BA3246A0097C8C1 /* Controllers */ = {
			isa = PBXGroup;
			children = (
				4037CA592BAC9BBA00627202 /* EventsViewController.swift */,
				4024C3892BBC586200B86351 /* EventDetailsViewController.swift */,
				4024C38B2BBC66C100B86351 /* MainViewController.swift */,
				40CD8DAF2BBD5A4E001B7B1B /* SettingsViewController.swift */,
			);
			path = Controllers;
			sourceTree = "<group>";
		};
		40E803DF2BA352E00097C8C1 /* fonts */ = {
			isa = PBXGroup;
			children = (
				406838F82BA5E2AD00B7FF60 /* Roboto-Bold.ttf */,
				406838F92BA5E2AD00B7FF60 /* Roboto-Regular.ttf */,
				406838FA2BA5E2AD00B7FF60 /* RobotoCondensed-Regular.ttf */,
			);
			path = fonts;
			sourceTree = "<group>";
		};
		40F216222BA7A78F00A777BE /* Attributes */ = {
			isa = PBXGroup;
			children = (
				40E803DA2BA34B870097C8C1 /* Fonts.swift */,
				4037CA522BAC50F000627202 /* String+Common.swift */,
			);
			path = Attributes;
			sourceTree = "<group>";
		};
/* End PBXGroup section */

/* Begin PBXNativeTarget section */
		403B1B1F2B9F0E4000AD49C2 /* SofascoreAcademy */ = {
			isa = PBXNativeTarget;
			buildConfigurationList = 403B1B342B9F0E4100AD49C2 /* Build configuration list for PBXNativeTarget "SofascoreAcademy" */;
			buildPhases = (
				403B1B1C2B9F0E4000AD49C2 /* Sources */,
				403B1B1D2B9F0E4000AD49C2 /* Frameworks */,
				403B1B1E2B9F0E4000AD49C2 /* Resources */,
			);
			buildRules = (
			);
			dependencies = (
			);
			name = SofascoreAcademy;
			packageProductDependencies = (
				40DF835C2BA1BD1600B2063E /* SnapKit */,
				40DF835E2BA1BD1600B2063E /* SnapKit-Dynamic */,
				40DF83612BA1BD4200B2063E /* SofaAcademic */,
			);
			productName = SofascoreAcademy;
			productReference = 403B1B202B9F0E4000AD49C2 /* SofascoreAcademy.app */;
			productType = "com.apple.product-type.application";
		};
/* End PBXNativeTarget section */

/* Begin PBXProject section */
		403B1B182B9F0E4000AD49C2 /* Project object */ = {
			isa = PBXProject;
			attributes = {
				BuildIndependentTargetsInParallel = 1;
				LastSwiftUpdateCheck = 1520;
				LastUpgradeCheck = 1520;
				TargetAttributes = {
					403B1B1F2B9F0E4000AD49C2 = {
						CreatedOnToolsVersion = 15.2;
					};
				};
			};
			buildConfigurationList = 403B1B1B2B9F0E4000AD49C2 /* Build configuration list for PBXProject "SofascoreAcademy" */;
			compatibilityVersion = "Xcode 14.0";
			developmentRegion = en;
			hasScannedForEncodings = 0;
			knownRegions = (
				en,
				Base,
			);
			mainGroup = 403B1B172B9F0E4000AD49C2;
			packageReferences = (
				40DF835B2BA1BD1600B2063E /* XCRemoteSwiftPackageReference "SnapKit" */,
				40DF83602BA1BD4200B2063E /* XCRemoteSwiftPackageReference "academy" */,
			);
			productRefGroup = 403B1B212B9F0E4000AD49C2 /* Products */;
			projectDirPath = "";
			projectRoot = "";
			targets = (
				403B1B1F2B9F0E4000AD49C2 /* SofascoreAcademy */,
			);
		};
/* End PBXProject section */

/* Begin PBXResourcesBuildPhase section */
		403B1B1E2B9F0E4000AD49C2 /* Resources */ = {
			isa = PBXResourcesBuildPhase;
			buildActionMask = 2147483647;
			files = (
				403B1B302B9F0E4100AD49C2 /* LaunchScreen.storyboard in Resources */,
				403B1B2D2B9F0E4100AD49C2 /* Assets.xcassets in Resources */,
				406838FC2BA5E2AD00B7FF60 /* Roboto-Regular.ttf in Resources */,
				406838FD2BA5E2AD00B7FF60 /* RobotoCondensed-Regular.ttf in Resources */,
				406838FB2BA5E2AD00B7FF60 /* Roboto-Bold.ttf in Resources */,
			);
			runOnlyForDeploymentPostprocessing = 0;
		};
/* End PBXResourcesBuildPhase section */

/* Begin PBXSourcesBuildPhase section */
		403B1B1C2B9F0E4000AD49C2 /* Sources */ = {
			isa = PBXSourcesBuildPhase;
			buildActionMask = 2147483647;
			files = (
				4037CA532BAC50F000627202 /* String+Common.swift in Sources */,
				40932A382BAD898E00DCD1D6 /* TournamentHeaderModel.swift in Sources */,
				40932A342BAD860A00DCD1D6 /* TournamentHeaderView.swift in Sources */,
				40932A2C2BAD83DA00DCD1D6 /* EventView.swift in Sources */,
				40932A362BAD88D200DCD1D6 /* EventModel.swift in Sources */,
				4024C3962BBC6C4200B86351 /* SafeAreaCoverView.swift in Sources */,
				4024C3922BBC672100B86351 /* TabItemView.swift in Sources */,
				401626522BACD6CF00F08AF4 /* TournamentTableHeader.swift in Sources */,
				4024C38E2BBC66D600B86351 /* MainHeaderView.swift in Sources */,
				40E50C472BBDE2C800811859 /* TabBarItemModel.swift in Sources */,
				405F38B42BBED85100FE9F95 /* TabView.swift in Sources */,
				4024C38A2BBC586200B86351 /* EventDetailsViewController.swift in Sources */,
				4024C38C2BBC66C200B86351 /* MainViewController.swift in Sources */,
				40F216182BA7761A00A777BE /* MatchStatus.swift in Sources */,
				40CD8DB02BBD5A4E001B7B1B /* SettingsViewController.swift in Sources */,
				40E803DB2BA34B870097C8C1 /* Fonts.swift in Sources */,
				40E50C412BBD770300811859 /* TabBarSports.swift in Sources */,
				4037CA5C2BAC9F7A00627202 /* EventTableCell.swift in Sources */,
				405F38BA2BBEE94300FE9F95 /* TabItemDelegateProtocol.swift in Sources */,
				403B1B242B9F0E4000AD49C2 /* AppDelegate.swift in Sources */,
				40932A2E2BAD845B00DCD1D6 /* MatchTimeView.swift in Sources */,
				4097FBE02BAB78C200CB4692 /* EventDateHelper.swift in Sources */,
				4037CA5A2BAC9BBA00627202 /* EventsViewController.swift in Sources */,
				40932A322BAD849F00DCD1D6 /* TeamView.swift in Sources */,
			);
			runOnlyForDeploymentPostprocessing = 0;
		};
/* End PBXSourcesBuildPhase section */

/* Begin PBXVariantGroup section */
		403B1B2E2B9F0E4100AD49C2 /* LaunchScreen.storyboard */ = {
			isa = PBXVariantGroup;
			children = (
				403B1B2F2B9F0E4100AD49C2 /* Base */,
			);
			name = LaunchScreen.storyboard;
			sourceTree = "<group>";
		};
/* End PBXVariantGroup section */

/* Begin XCBuildConfiguration section */
		403B1B322B9F0E4100AD49C2 /* Debug */ = {
			isa = XCBuildConfiguration;
			buildSettings = {
				ALWAYS_SEARCH_USER_PATHS = NO;
				ASSETCATALOG_COMPILER_GENERATE_SWIFT_ASSET_SYMBOL_EXTENSIONS = YES;
				CLANG_ANALYZER_NONNULL = YES;
				CLANG_ANALYZER_NUMBER_OBJECT_CONVERSION = YES_AGGRESSIVE;
				CLANG_CXX_LANGUAGE_STANDARD = "gnu++20";
				CLANG_ENABLE_MODULES = YES;
				CLANG_ENABLE_OBJC_ARC = YES;
				CLANG_ENABLE_OBJC_WEAK = YES;
				CLANG_WARN_BLOCK_CAPTURE_AUTORELEASING = YES;
				CLANG_WARN_BOOL_CONVERSION = YES;
				CLANG_WARN_COMMA = YES;
				CLANG_WARN_CONSTANT_CONVERSION = YES;
				CLANG_WARN_DEPRECATED_OBJC_IMPLEMENTATIONS = YES;
				CLANG_WARN_DIRECT_OBJC_ISA_USAGE = YES_ERROR;
				CLANG_WARN_DOCUMENTATION_COMMENTS = YES;
				CLANG_WARN_EMPTY_BODY = YES;
				CLANG_WARN_ENUM_CONVERSION = YES;
				CLANG_WARN_INFINITE_RECURSION = YES;
				CLANG_WARN_INT_CONVERSION = YES;
				CLANG_WARN_NON_LITERAL_NULL_CONVERSION = YES;
				CLANG_WARN_OBJC_IMPLICIT_RETAIN_SELF = YES;
				CLANG_WARN_OBJC_LITERAL_CONVERSION = YES;
				CLANG_WARN_OBJC_ROOT_CLASS = YES_ERROR;
				CLANG_WARN_QUOTED_INCLUDE_IN_FRAMEWORK_HEADER = YES;
				CLANG_WARN_RANGE_LOOP_ANALYSIS = YES;
				CLANG_WARN_STRICT_PROTOTYPES = YES;
				CLANG_WARN_SUSPICIOUS_MOVE = YES;
				CLANG_WARN_UNGUARDED_AVAILABILITY = YES_AGGRESSIVE;
				CLANG_WARN_UNREACHABLE_CODE = YES;
				CLANG_WARN__DUPLICATE_METHOD_MATCH = YES;
				COPY_PHASE_STRIP = NO;
				DEBUG_INFORMATION_FORMAT = dwarf;
				ENABLE_STRICT_OBJC_MSGSEND = YES;
				ENABLE_TESTABILITY = YES;
				ENABLE_USER_SCRIPT_SANDBOXING = YES;
				GCC_C_LANGUAGE_STANDARD = gnu17;
				GCC_DYNAMIC_NO_PIC = NO;
				GCC_NO_COMMON_BLOCKS = YES;
				GCC_OPTIMIZATION_LEVEL = 0;
				GCC_PREPROCESSOR_DEFINITIONS = (
					"DEBUG=1",
					"$(inherited)",
				);
				GCC_WARN_64_TO_32_BIT_CONVERSION = YES;
				GCC_WARN_ABOUT_RETURN_TYPE = YES_ERROR;
				GCC_WARN_UNDECLARED_SELECTOR = YES;
				GCC_WARN_UNINITIALIZED_AUTOS = YES_AGGRESSIVE;
				GCC_WARN_UNUSED_FUNCTION = YES;
				GCC_WARN_UNUSED_VARIABLE = YES;
				IPHONEOS_DEPLOYMENT_TARGET = 17.2;
				LOCALIZATION_PREFERS_STRING_CATALOGS = YES;
				MTL_ENABLE_DEBUG_INFO = INCLUDE_SOURCE;
				MTL_FAST_MATH = YES;
				ONLY_ACTIVE_ARCH = YES;
				SDKROOT = iphoneos;
				SWIFT_ACTIVE_COMPILATION_CONDITIONS = "DEBUG $(inherited)";
				SWIFT_OPTIMIZATION_LEVEL = "-Onone";
			};
			name = Debug;
		};
		403B1B332B9F0E4100AD49C2 /* Release */ = {
			isa = XCBuildConfiguration;
			buildSettings = {
				ALWAYS_SEARCH_USER_PATHS = NO;
				ASSETCATALOG_COMPILER_GENERATE_SWIFT_ASSET_SYMBOL_EXTENSIONS = YES;
				CLANG_ANALYZER_NONNULL = YES;
				CLANG_ANALYZER_NUMBER_OBJECT_CONVERSION = YES_AGGRESSIVE;
				CLANG_CXX_LANGUAGE_STANDARD = "gnu++20";
				CLANG_ENABLE_MODULES = YES;
				CLANG_ENABLE_OBJC_ARC = YES;
				CLANG_ENABLE_OBJC_WEAK = YES;
				CLANG_WARN_BLOCK_CAPTURE_AUTORELEASING = YES;
				CLANG_WARN_BOOL_CONVERSION = YES;
				CLANG_WARN_COMMA = YES;
				CLANG_WARN_CONSTANT_CONVERSION = YES;
				CLANG_WARN_DEPRECATED_OBJC_IMPLEMENTATIONS = YES;
				CLANG_WARN_DIRECT_OBJC_ISA_USAGE = YES_ERROR;
				CLANG_WARN_DOCUMENTATION_COMMENTS = YES;
				CLANG_WARN_EMPTY_BODY = YES;
				CLANG_WARN_ENUM_CONVERSION = YES;
				CLANG_WARN_INFINITE_RECURSION = YES;
				CLANG_WARN_INT_CONVERSION = YES;
				CLANG_WARN_NON_LITERAL_NULL_CONVERSION = YES;
				CLANG_WARN_OBJC_IMPLICIT_RETAIN_SELF = YES;
				CLANG_WARN_OBJC_LITERAL_CONVERSION = YES;
				CLANG_WARN_OBJC_ROOT_CLASS = YES_ERROR;
				CLANG_WARN_QUOTED_INCLUDE_IN_FRAMEWORK_HEADER = YES;
				CLANG_WARN_RANGE_LOOP_ANALYSIS = YES;
				CLANG_WARN_STRICT_PROTOTYPES = YES;
				CLANG_WARN_SUSPICIOUS_MOVE = YES;
				CLANG_WARN_UNGUARDED_AVAILABILITY = YES_AGGRESSIVE;
				CLANG_WARN_UNREACHABLE_CODE = YES;
				CLANG_WARN__DUPLICATE_METHOD_MATCH = YES;
				COPY_PHASE_STRIP = NO;
				DEBUG_INFORMATION_FORMAT = "dwarf-with-dsym";
				ENABLE_NS_ASSERTIONS = NO;
				ENABLE_STRICT_OBJC_MSGSEND = YES;
				ENABLE_USER_SCRIPT_SANDBOXING = YES;
				GCC_C_LANGUAGE_STANDARD = gnu17;
				GCC_NO_COMMON_BLOCKS = YES;
				GCC_WARN_64_TO_32_BIT_CONVERSION = YES;
				GCC_WARN_ABOUT_RETURN_TYPE = YES_ERROR;
				GCC_WARN_UNDECLARED_SELECTOR = YES;
				GCC_WARN_UNINITIALIZED_AUTOS = YES_AGGRESSIVE;
				GCC_WARN_UNUSED_FUNCTION = YES;
				GCC_WARN_UNUSED_VARIABLE = YES;
				IPHONEOS_DEPLOYMENT_TARGET = 17.2;
				LOCALIZATION_PREFERS_STRING_CATALOGS = YES;
				MTL_ENABLE_DEBUG_INFO = NO;
				MTL_FAST_MATH = YES;
				SDKROOT = iphoneos;
				SWIFT_COMPILATION_MODE = wholemodule;
				VALIDATE_PRODUCT = YES;
			};
			name = Release;
		};
		403B1B352B9F0E4100AD49C2 /* Debug */ = {
			isa = XCBuildConfiguration;
			buildSettings = {
				ASSETCATALOG_COMPILER_APPICON_NAME = AppIcon;
				ASSETCATALOG_COMPILER_GLOBAL_ACCENT_COLOR_NAME = AccentColor;
				CODE_SIGN_STYLE = Automatic;
				CURRENT_PROJECT_VERSION = 1;
				GENERATE_INFOPLIST_FILE = YES;
				INFOPLIST_FILE = SofascoreAcademy/Info.plist;
				INFOPLIST_KEY_UIApplicationSupportsIndirectInputEvents = YES;
				INFOPLIST_KEY_UILaunchStoryboardName = LaunchScreen;
				INFOPLIST_KEY_UISupportedInterfaceOrientations_iPad = "UIInterfaceOrientationPortrait UIInterfaceOrientationPortraitUpsideDown UIInterfaceOrientationLandscapeLeft UIInterfaceOrientationLandscapeRight";
				INFOPLIST_KEY_UISupportedInterfaceOrientations_iPhone = "UIInterfaceOrientationPortrait UIInterfaceOrientationLandscapeLeft UIInterfaceOrientationLandscapeRight";
				LD_RUNPATH_SEARCH_PATHS = (
					"$(inherited)",
					"@executable_path/Frameworks",
				);
				MARKETING_VERSION = 1.0;
				PRODUCT_BUNDLE_IDENTIFIER = Sofascore.SofascoreAcademy;
				PRODUCT_NAME = "$(TARGET_NAME)";
				SWIFT_EMIT_LOC_STRINGS = YES;
				SWIFT_VERSION = 5.0;
				TARGETED_DEVICE_FAMILY = "1,2";
			};
			name = Debug;
		};
		403B1B362B9F0E4100AD49C2 /* Release */ = {
			isa = XCBuildConfiguration;
			buildSettings = {
				ASSETCATALOG_COMPILER_APPICON_NAME = AppIcon;
				ASSETCATALOG_COMPILER_GLOBAL_ACCENT_COLOR_NAME = AccentColor;
				CODE_SIGN_STYLE = Automatic;
				CURRENT_PROJECT_VERSION = 1;
				GENERATE_INFOPLIST_FILE = YES;
				INFOPLIST_FILE = SofascoreAcademy/Info.plist;
				INFOPLIST_KEY_UIApplicationSupportsIndirectInputEvents = YES;
				INFOPLIST_KEY_UILaunchStoryboardName = LaunchScreen;
				INFOPLIST_KEY_UISupportedInterfaceOrientations_iPad = "UIInterfaceOrientationPortrait UIInterfaceOrientationPortraitUpsideDown UIInterfaceOrientationLandscapeLeft UIInterfaceOrientationLandscapeRight";
				INFOPLIST_KEY_UISupportedInterfaceOrientations_iPhone = "UIInterfaceOrientationPortrait UIInterfaceOrientationLandscapeLeft UIInterfaceOrientationLandscapeRight";
				LD_RUNPATH_SEARCH_PATHS = (
					"$(inherited)",
					"@executable_path/Frameworks",
				);
				MARKETING_VERSION = 1.0;
				PRODUCT_BUNDLE_IDENTIFIER = Sofascore.SofascoreAcademy;
				PRODUCT_NAME = "$(TARGET_NAME)";
				SWIFT_EMIT_LOC_STRINGS = YES;
				SWIFT_VERSION = 5.0;
				TARGETED_DEVICE_FAMILY = "1,2";
			};
			name = Release;
		};
/* End XCBuildConfiguration section */

/* Begin XCConfigurationList section */
		403B1B1B2B9F0E4000AD49C2 /* Build configuration list for PBXProject "SofascoreAcademy" */ = {
			isa = XCConfigurationList;
			buildConfigurations = (
				403B1B322B9F0E4100AD49C2 /* Debug */,
				403B1B332B9F0E4100AD49C2 /* Release */,
			);
			defaultConfigurationIsVisible = 0;
			defaultConfigurationName = Release;
		};
		403B1B342B9F0E4100AD49C2 /* Build configuration list for PBXNativeTarget "SofascoreAcademy" */ = {
			isa = XCConfigurationList;
			buildConfigurations = (
				403B1B352B9F0E4100AD49C2 /* Debug */,
				403B1B362B9F0E4100AD49C2 /* Release */,
			);
			defaultConfigurationIsVisible = 0;
			defaultConfigurationName = Release;
		};
/* End XCConfigurationList section */

/* Begin XCRemoteSwiftPackageReference section */
		40DF835B2BA1BD1600B2063E /* XCRemoteSwiftPackageReference "SnapKit" */ = {
			isa = XCRemoteSwiftPackageReference;
			repositoryURL = "https://github.com/SnapKit/SnapKit";
			requirement = {
				kind = upToNextMajorVersion;
				minimumVersion = 5.7.1;
			};
		};
		40DF83602BA1BD4200B2063E /* XCRemoteSwiftPackageReference "academy" */ = {
			isa = XCRemoteSwiftPackageReference;
			repositoryURL = "https://github.com/sofascore/academy";
			requirement = {
				branch = master;
				kind = branch;
			};
		};
/* End XCRemoteSwiftPackageReference section */

/* Begin XCSwiftPackageProductDependency section */
		40DF835C2BA1BD1600B2063E /* SnapKit */ = {
			isa = XCSwiftPackageProductDependency;
			package = 40DF835B2BA1BD1600B2063E /* XCRemoteSwiftPackageReference "SnapKit" */;
			productName = SnapKit;
		};
		40DF835E2BA1BD1600B2063E /* SnapKit-Dynamic */ = {
			isa = XCSwiftPackageProductDependency;
			package = 40DF835B2BA1BD1600B2063E /* XCRemoteSwiftPackageReference "SnapKit" */;
			productName = "SnapKit-Dynamic";
		};
		40DF83612BA1BD4200B2063E /* SofaAcademic */ = {
			isa = XCSwiftPackageProductDependency;
			package = 40DF83602BA1BD4200B2063E /* XCRemoteSwiftPackageReference "academy" */;
			productName = SofaAcademic;
		};
/* End XCSwiftPackageProductDependency section */
	};
	rootObject = 403B1B182B9F0E4000AD49C2 /* Project object */;
}
