// !$*UTF8*$!
{
	archiveVersion = 1;
	classes = {
	};
	objectVersion = 56;
	objects = {

/* Begin PBXBuildFile section */
		40192F752BA4CA9400BC310F /* TournamentCellView.swift in Sources */ = {isa = PBXBuildFile; fileRef = 40192F742BA4CA9400BC310F /* TournamentCellView.swift */; };
		40192F772BA4CAA300BC310F /* TournamentCellModel.swift in Sources */ = {isa = PBXBuildFile; fileRef = 40192F762BA4CAA300BC310F /* TournamentCellModel.swift */; };
		40192F792BA4D3AD00BC310F /* EventCellView.swift in Sources */ = {isa = PBXBuildFile; fileRef = 40192F782BA4D3AD00BC310F /* EventCellView.swift */; };
		4037CA532BAC50F000627202 /* String+Common.swift in Sources */ = {isa = PBXBuildFile; fileRef = 4037CA522BAC50F000627202 /* String+Common.swift */; };
		4037CA562BAC7DCE00627202 /* TimeCellView.swift in Sources */ = {isa = PBXBuildFile; fileRef = 4037CA552BAC7DCE00627202 /* TimeCellView.swift */; };
		4037CA582BAC806100627202 /* TeamCellView.swift in Sources */ = {isa = PBXBuildFile; fileRef = 4037CA572BAC806100627202 /* TeamCellView.swift */; };
		403B1B242B9F0E4000AD49C2 /* AppDelegate.swift in Sources */ = {isa = PBXBuildFile; fileRef = 403B1B232B9F0E4000AD49C2 /* AppDelegate.swift */; };
		403B1B282B9F0E4000AD49C2 /* ViewController.swift in Sources */ = {isa = PBXBuildFile; fileRef = 403B1B272B9F0E4000AD49C2 /* ViewController.swift */; };
		403B1B2D2B9F0E4100AD49C2 /* Assets.xcassets in Resources */ = {isa = PBXBuildFile; fileRef = 403B1B2C2B9F0E4100AD49C2 /* Assets.xcassets */; };
		403B1B302B9F0E4100AD49C2 /* LaunchScreen.storyboard in Resources */ = {isa = PBXBuildFile; fileRef = 403B1B2E2B9F0E4100AD49C2 /* LaunchScreen.storyboard */; };
		406838FB2BA5E2AD00B7FF60 /* Roboto-Bold.ttf in Resources */ = {isa = PBXBuildFile; fileRef = 406838F82BA5E2AD00B7FF60 /* Roboto-Bold.ttf */; };
		406838FC2BA5E2AD00B7FF60 /* Roboto-Regular.ttf in Resources */ = {isa = PBXBuildFile; fileRef = 406838F92BA5E2AD00B7FF60 /* Roboto-Regular.ttf */; };
		406838FD2BA5E2AD00B7FF60 /* RobotoCondensed-Regular.ttf in Resources */ = {isa = PBXBuildFile; fileRef = 406838FA2BA5E2AD00B7FF60 /* RobotoCondensed-Regular.ttf */; };
		4097FBE02BAB78C200CB4692 /* EventDateHelper.swift in Sources */ = {isa = PBXBuildFile; fileRef = 4097FBDF2BAB78C200CB4692 /* EventDateHelper.swift */; };
		40DF835D2BA1BD1600B2063E /* SnapKit in Frameworks */ = {isa = PBXBuildFile; productRef = 40DF835C2BA1BD1600B2063E /* SnapKit */; };
		40DF835F2BA1BD1600B2063E /* SnapKit-Dynamic in Frameworks */ = {isa = PBXBuildFile; productRef = 40DF835E2BA1BD1600B2063E /* SnapKit-Dynamic */; };
		40DF83622BA1BD4200B2063E /* SofaAcademic in Frameworks */ = {isa = PBXBuildFile; productRef = 40DF83612BA1BD4200B2063E /* SofaAcademic */; };
		40E803DB2BA34B870097C8C1 /* Fonts.swift in Sources */ = {isa = PBXBuildFile; fileRef = 40E803DA2BA34B870097C8C1 /* Fonts.swift */; };
		40F216142BA722F000A777BE /* EventCellModel.swift in Sources */ = {isa = PBXBuildFile; fileRef = 40F216132BA722F000A777BE /* EventCellModel.swift */; };
		40F216182BA7761A00A777BE /* MatchStatus.swift in Sources */ = {isa = PBXBuildFile; fileRef = 40F216172BA7761900A777BE /* MatchStatus.swift */; };
		40F2161C2BA7A24200A777BE /* Colors.swift in Sources */ = {isa = PBXBuildFile; fileRef = 40F2161B2BA7A24200A777BE /* Colors.swift */; };
/* End PBXBuildFile section */

/* Begin PBXFileReference section */
		40192F742BA4CA9400BC310F /* TournamentCellView.swift */ = {isa = PBXFileReference; lastKnownFileType = sourcecode.swift; path = TournamentCellView.swift; sourceTree = "<group>"; };
		40192F762BA4CAA300BC310F /* TournamentCellModel.swift */ = {isa = PBXFileReference; lastKnownFileType = sourcecode.swift; path = TournamentCellModel.swift; sourceTree = "<group>"; };
		40192F782BA4D3AD00BC310F /* EventCellView.swift */ = {isa = PBXFileReference; lastKnownFileType = sourcecode.swift; path = EventCellView.swift; sourceTree = "<group>"; };
		4037CA522BAC50F000627202 /* String+Common.swift */ = {isa = PBXFileReference; lastKnownFileType = sourcecode.swift; path = "String+Common.swift"; sourceTree = "<group>"; };
		4037CA552BAC7DCE00627202 /* TimeCellView.swift */ = {isa = PBXFileReference; lastKnownFileType = sourcecode.swift; path = TimeCellView.swift; sourceTree = "<group>"; };
		4037CA572BAC806100627202 /* TeamCellView.swift */ = {isa = PBXFileReference; lastKnownFileType = sourcecode.swift; path = TeamCellView.swift; sourceTree = "<group>"; };
		403B1B202B9F0E4000AD49C2 /* SofascoreAcademy.app */ = {isa = PBXFileReference; explicitFileType = wrapper.application; includeInIndex = 0; path = SofascoreAcademy.app; sourceTree = BUILT_PRODUCTS_DIR; };
		403B1B232B9F0E4000AD49C2 /* AppDelegate.swift */ = {isa = PBXFileReference; lastKnownFileType = sourcecode.swift; path = AppDelegate.swift; sourceTree = "<group>"; };
		403B1B272B9F0E4000AD49C2 /* ViewController.swift */ = {isa = PBXFileReference; lastKnownFileType = sourcecode.swift; path = ViewController.swift; sourceTree = "<group>"; };
		403B1B2C2B9F0E4100AD49C2 /* Assets.xcassets */ = {isa = PBXFileReference; lastKnownFileType = folder.assetcatalog; path = Assets.xcassets; sourceTree = "<group>"; };
		403B1B2F2B9F0E4100AD49C2 /* Base */ = {isa = PBXFileReference; lastKnownFileType = file.storyboard; name = Base; path = Base.lproj/LaunchScreen.storyboard; sourceTree = "<group>"; };
		403B1B312B9F0E4100AD49C2 /* Info.plist */ = {isa = PBXFileReference; lastKnownFileType = text.plist.xml; path = Info.plist; sourceTree = "<group>"; };
		406838F82BA5E2AD00B7FF60 /* Roboto-Bold.ttf */ = {isa = PBXFileReference; lastKnownFileType = file; path = "Roboto-Bold.ttf"; sourceTree = "<group>"; };
		406838F92BA5E2AD00B7FF60 /* Roboto-Regular.ttf */ = {isa = PBXFileReference; lastKnownFileType = file; path = "Roboto-Regular.ttf"; sourceTree = "<group>"; };
		406838FA2BA5E2AD00B7FF60 /* RobotoCondensed-Regular.ttf */ = {isa = PBXFileReference; lastKnownFileType = file; path = "RobotoCondensed-Regular.ttf"; sourceTree = "<group>"; };
		4097FBDF2BAB78C200CB4692 /* EventDateHelper.swift */ = {isa = PBXFileReference; lastKnownFileType = sourcecode.swift; path = EventDateHelper.swift; sourceTree = "<group>"; };
		40E803DA2BA34B870097C8C1 /* Fonts.swift */ = {isa = PBXFileReference; lastKnownFileType = sourcecode.swift; path = Fonts.swift; sourceTree = "<group>"; };
		40F216132BA722F000A777BE /* EventCellModel.swift */ = {isa = PBXFileReference; lastKnownFileType = sourcecode.swift; path = EventCellModel.swift; sourceTree = "<group>"; };
		40F216172BA7761900A777BE /* MatchStatus.swift */ = {isa = PBXFileReference; lastKnownFileType = sourcecode.swift; path = MatchStatus.swift; sourceTree = "<group>"; };
		40F2161B2BA7A24200A777BE /* Colors.swift */ = {isa = PBXFileReference; lastKnownFileType = sourcecode.swift; path = Colors.swift; sourceTree = "<group>"; };
/* End PBXFileReference section */

/* Begin PBXFrameworksBuildPhase section */
		403B1B1D2B9F0E4000AD49C2 /* Frameworks */ = {
			isa = PBXFrameworksBuildPhase;
			buildActionMask = 2147483647;
			files = (
				40DF835D2BA1BD1600B2063E /* SnapKit in Frameworks */,
				40DF83622BA1BD4200B2063E /* SofaAcademic in Frameworks */,
				40DF835F2BA1BD1600B2063E /* SnapKit-Dynamic in Frameworks */,
			);
			runOnlyForDeploymentPostprocessing = 0;
		};
/* End PBXFrameworksBuildPhase section */

/* Begin PBXGroup section */
		4037CA542BAC7D4D00627202 /* Helpers */ = {
			isa = PBXGroup;
			children = (
				4097FBDF2BAB78C200CB4692 /* EventDateHelper.swift */,
			);
			path = Helpers;
			sourceTree = "<group>";
		};
		403B1B172B9F0E4000AD49C2 = {
			isa = PBXGroup;
			children = (
				403B1B222B9F0E4000AD49C2 /* SofascoreAcademy */,
				403B1B212B9F0E4000AD49C2 /* Products */,
			);
			sourceTree = "<group>";
		};
		403B1B212B9F0E4000AD49C2 /* Products */ = {
			isa = PBXGroup;
			children = (
				403B1B202B9F0E4000AD49C2 /* SofascoreAcademy.app */,
			);
			name = Products;
			sourceTree = "<group>";
		};
		403B1B222B9F0E4000AD49C2 /* SofascoreAcademy */ = {
			isa = PBXGroup;
			children = (
				40F216222BA7A78F00A777BE /* Attributes */,
				40E803D92BA3246A0097C8C1 /* Controllers */,
				4037CA542BAC7D4D00627202 /* Helpers */,
				40E803D72BA324520097C8C1 /* Models */,
				40E803D82BA324610097C8C1 /* Views */,
				403B1B232B9F0E4000AD49C2 /* AppDelegate.swift */,
				40E803DF2BA352E00097C8C1 /* fonts */,
				403B1B2C2B9F0E4100AD49C2 /* Assets.xcassets */,
				403B1B2E2B9F0E4100AD49C2 /* LaunchScreen.storyboard */,
				403B1B312B9F0E4100AD49C2 /* Info.plist */,
			);
			path = SofascoreAcademy;
			sourceTree = "<group>";
		};
		40E803D72BA324520097C8C1 /* Models */ = {
			isa = PBXGroup;
			children = (
				40192F762BA4CAA300BC310F /* TournamentCellModel.swift */,
				40F216132BA722F000A777BE /* EventCellModel.swift */,
				40F216172BA7761900A777BE /* MatchStatus.swift */,
			);
			path = Models;
			sourceTree = "<group>";
		};
		40E803D82BA324610097C8C1 /* Views */ = {
			isa = PBXGroup;
			children = (
				40192F742BA4CA9400BC310F /* TournamentCellView.swift */,
				40192F782BA4D3AD00BC310F /* EventCellView.swift */,
				4037CA552BAC7DCE00627202 /* TimeCellView.swift */,
				4037CA572BAC806100627202 /* TeamCellView.swift */,
			);
			path = Views;
			sourceTree = "<group>";
		};
		40E803D92BA3246A0097C8C1 /* Controllers */ = {
			isa = PBXGroup;
			children = (
				403B1B272B9F0E4000AD49C2 /* ViewController.swift */,
			);
			path = Controllers;
			sourceTree = "<group>";
		};
		40E803DF2BA352E00097C8C1 /* fonts */ = {
			isa = PBXGroup;
			children = (
				406838F82BA5E2AD00B7FF60 /* Roboto-Bold.ttf */,
				406838F92BA5E2AD00B7FF60 /* Roboto-Regular.ttf */,
				406838FA2BA5E2AD00B7FF60 /* RobotoCondensed-Regular.ttf */,
			);
			path = fonts;
			sourceTree = "<group>";
		};
		40F216222BA7A78F00A777BE /* Attributes */ = {
			isa = PBXGroup;
			children = (
				40F2161B2BA7A24200A777BE /* Colors.swift */,
				40E803DA2BA34B870097C8C1 /* Fonts.swift */,
				4037CA522BAC50F000627202 /* String+Common.swift */,
			);
			path = Attributes;
			sourceTree = "<group>";
		};
/* End PBXGroup section */

/* Begin PBXNativeTarget section */
		403B1B1F2B9F0E4000AD49C2 /* SofascoreAcademy */ = {
			isa = PBXNativeTarget;
			buildConfigurationList = 403B1B342B9F0E4100AD49C2 /* Build configuration list for PBXNativeTarget "SofascoreAcademy" */;
			buildPhases = (
				403B1B1C2B9F0E4000AD49C2 /* Sources */,
				403B1B1D2B9F0E4000AD49C2 /* Frameworks */,
				403B1B1E2B9F0E4000AD49C2 /* Resources */,
			);
			buildRules = (
			);
			dependencies = (
			);
			name = SofascoreAcademy;
			packageProductDependencies = (
				40DF835C2BA1BD1600B2063E /* SnapKit */,
				40DF835E2BA1BD1600B2063E /* SnapKit-Dynamic */,
				40DF83612BA1BD4200B2063E /* SofaAcademic */,
			);
			productName = SofascoreAcademy;
			productReference = 403B1B202B9F0E4000AD49C2 /* SofascoreAcademy.app */;
			productType = "com.apple.product-type.application";
		};
/* End PBXNativeTarget section */

/* Begin PBXProject section */
		403B1B182B9F0E4000AD49C2 /* Project object */ = {
			isa = PBXProject;
			attributes = {
				BuildIndependentTargetsInParallel = 1;
				LastSwiftUpdateCheck = 1520;
				LastUpgradeCheck = 1520;
				TargetAttributes = {
					403B1B1F2B9F0E4000AD49C2 = {
						CreatedOnToolsVersion = 15.2;
					};
				};
			};
			buildConfigurationList = 403B1B1B2B9F0E4000AD49C2 /* Build configuration list for PBXProject "SofascoreAcademy" */;
			compatibilityVersion = "Xcode 14.0";
			developmentRegion = en;
			hasScannedForEncodings = 0;
			knownRegions = (
				en,
				Base,
			);
			mainGroup = 403B1B172B9F0E4000AD49C2;
			packageReferences = (
				40DF835B2BA1BD1600B2063E /* XCRemoteSwiftPackageReference "SnapKit" */,
				40DF83602BA1BD4200B2063E /* XCRemoteSwiftPackageReference "academy" */,
			);
			productRefGroup = 403B1B212B9F0E4000AD49C2 /* Products */;
			projectDirPath = "";
			projectRoot = "";
			targets = (
				403B1B1F2B9F0E4000AD49C2 /* SofascoreAcademy */,
			);
		};
/* End PBXProject section */

/* Begin PBXResourcesBuildPhase section */
		403B1B1E2B9F0E4000AD49C2 /* Resources */ = {
			isa = PBXResourcesBuildPhase;
			buildActionMask = 2147483647;
			files = (
				403B1B302B9F0E4100AD49C2 /* LaunchScreen.storyboard in Resources */,
				403B1B2D2B9F0E4100AD49C2 /* Assets.xcassets in Resources */,
				406838FC2BA5E2AD00B7FF60 /* Roboto-Regular.ttf in Resources */,
				406838FD2BA5E2AD00B7FF60 /* RobotoCondensed-Regular.ttf in Resources */,
				406838FB2BA5E2AD00B7FF60 /* Roboto-Bold.ttf in Resources */,
			);
			runOnlyForDeploymentPostprocessing = 0;
		};
/* End PBXResourcesBuildPhase section */

/* Begin PBXSourcesBuildPhase section */
		403B1B1C2B9F0E4000AD49C2 /* Sources */ = {
			isa = PBXSourcesBuildPhase;
			buildActionMask = 2147483647;
			files = (
				403B1B282B9F0E4000AD49C2 /* ViewController.swift in Sources */,
				4037CA532BAC50F000627202 /* String+Common.swift in Sources */,
				40F2161C2BA7A24200A777BE /* Colors.swift in Sources */,
				4037CA562BAC7DCE00627202 /* TimeCellView.swift in Sources */,
				40192F792BA4D3AD00BC310F /* EventCellView.swift in Sources */,
				40F216182BA7761A00A777BE /* MatchStatus.swift in Sources */,
				40E803DB2BA34B870097C8C1 /* Fonts.swift in Sources */,
				403B1B242B9F0E4000AD49C2 /* AppDelegate.swift in Sources */,
				4097FBE02BAB78C200CB4692 /* EventDateHelper.swift in Sources */,
				4037CA582BAC806100627202 /* TeamCellView.swift in Sources */,
				40192F752BA4CA9400BC310F /* TournamentCellView.swift in Sources */,
				40F216142BA722F000A777BE /* EventCellModel.swift in Sources */,
				40192F772BA4CAA300BC310F /* TournamentCellModel.swift in Sources */,
			);
			runOnlyForDeploymentPostprocessing = 0;
		};
/* End PBXSourcesBuildPhase section */

/* Begin PBXVariantGroup section */
		403B1B2E2B9F0E4100AD49C2 /* LaunchScreen.storyboard */ = {
			isa = PBXVariantGroup;
			children = (
				403B1B2F2B9F0E4100AD49C2 /* Base */,
			);
			name = LaunchScreen.storyboard;
			sourceTree = "<group>";
		};
/* End PBXVariantGroup section */

/* Begin XCBuildConfiguration section */
		403B1B322B9F0E4100AD49C2 /* Debug */ = {
			isa = XCBuildConfiguration;
			buildSettings = {
				ALWAYS_SEARCH_USER_PATHS = NO;
				ASSETCATALOG_COMPILER_GENERATE_SWIFT_ASSET_SYMBOL_EXTENSIONS = YES;
				CLANG_ANALYZER_NONNULL = YES;
				CLANG_ANALYZER_NUMBER_OBJECT_CONVERSION = YES_AGGRESSIVE;
				CLANG_CXX_LANGUAGE_STANDARD = "gnu++20";
				CLANG_ENABLE_MODULES = YES;
				CLANG_ENABLE_OBJC_ARC = YES;
				CLANG_ENABLE_OBJC_WEAK = YES;
				CLANG_WARN_BLOCK_CAPTURE_AUTORELEASING = YES;
				CLANG_WARN_BOOL_CONVERSION = YES;
				CLANG_WARN_COMMA = YES;
				CLANG_WARN_CONSTANT_CONVERSION = YES;
				CLANG_WARN_DEPRECATED_OBJC_IMPLEMENTATIONS = YES;
				CLANG_WARN_DIRECT_OBJC_ISA_USAGE = YES_ERROR;
				CLANG_WARN_DOCUMENTATION_COMMENTS = YES;
				CLANG_WARN_EMPTY_BODY = YES;
				CLANG_WARN_ENUM_CONVERSION = YES;
				CLANG_WARN_INFINITE_RECURSION = YES;
				CLANG_WARN_INT_CONVERSION = YES;
				CLANG_WARN_NON_LITERAL_NULL_CONVERSION = YES;
				CLANG_WARN_OBJC_IMPLICIT_RETAIN_SELF = YES;
				CLANG_WARN_OBJC_LITERAL_CONVERSION = YES;
				CLANG_WARN_OBJC_ROOT_CLASS = YES_ERROR;
				CLANG_WARN_QUOTED_INCLUDE_IN_FRAMEWORK_HEADER = YES;
				CLANG_WARN_RANGE_LOOP_ANALYSIS = YES;
				CLANG_WARN_STRICT_PROTOTYPES = YES;
				CLANG_WARN_SUSPICIOUS_MOVE = YES;
				CLANG_WARN_UNGUARDED_AVAILABILITY = YES_AGGRESSIVE;
				CLANG_WARN_UNREACHABLE_CODE = YES;
				CLANG_WARN__DUPLICATE_METHOD_MATCH = YES;
				COPY_PHASE_STRIP = NO;
				DEBUG_INFORMATION_FORMAT = dwarf;
				ENABLE_STRICT_OBJC_MSGSEND = YES;
				ENABLE_TESTABILITY = YES;
				ENABLE_USER_SCRIPT_SANDBOXING = YES;
				GCC_C_LANGUAGE_STANDARD = gnu17;
				GCC_DYNAMIC_NO_PIC = NO;
				GCC_NO_COMMON_BLOCKS = YES;
				GCC_OPTIMIZATION_LEVEL = 0;
				GCC_PREPROCESSOR_DEFINITIONS = (
					"DEBUG=1",
					"$(inherited)",
				);
				GCC_WARN_64_TO_32_BIT_CONVERSION = YES;
				GCC_WARN_ABOUT_RETURN_TYPE = YES_ERROR;
				GCC_WARN_UNDECLARED_SELECTOR = YES;
				GCC_WARN_UNINITIALIZED_AUTOS = YES_AGGRESSIVE;
				GCC_WARN_UNUSED_FUNCTION = YES;
				GCC_WARN_UNUSED_VARIABLE = YES;
				IPHONEOS_DEPLOYMENT_TARGET = 17.2;
				LOCALIZATION_PREFERS_STRING_CATALOGS = YES;
				MTL_ENABLE_DEBUG_INFO = INCLUDE_SOURCE;
				MTL_FAST_MATH = YES;
				ONLY_ACTIVE_ARCH = YES;
				SDKROOT = iphoneos;
				SWIFT_ACTIVE_COMPILATION_CONDITIONS = "DEBUG $(inherited)";
				SWIFT_OPTIMIZATION_LEVEL = "-Onone";
			};
			name = Debug;
		};
		403B1B332B9F0E4100AD49C2 /* Release */ = {
			isa = XCBuildConfiguration;
			buildSettings = {
				ALWAYS_SEARCH_USER_PATHS = NO;
				ASSETCATALOG_COMPILER_GENERATE_SWIFT_ASSET_SYMBOL_EXTENSIONS = YES;
				CLANG_ANALYZER_NONNULL = YES;
				CLANG_ANALYZER_NUMBER_OBJECT_CONVERSION = YES_AGGRESSIVE;
				CLANG_CXX_LANGUAGE_STANDARD = "gnu++20";
				CLANG_ENABLE_MODULES = YES;
				CLANG_ENABLE_OBJC_ARC = YES;
				CLANG_ENABLE_OBJC_WEAK = YES;
				CLANG_WARN_BLOCK_CAPTURE_AUTORELEASING = YES;
				CLANG_WARN_BOOL_CONVERSION = YES;
				CLANG_WARN_COMMA = YES;
				CLANG_WARN_CONSTANT_CONVERSION = YES;
				CLANG_WARN_DEPRECATED_OBJC_IMPLEMENTATIONS = YES;
				CLANG_WARN_DIRECT_OBJC_ISA_USAGE = YES_ERROR;
				CLANG_WARN_DOCUMENTATION_COMMENTS = YES;
				CLANG_WARN_EMPTY_BODY = YES;
				CLANG_WARN_ENUM_CONVERSION = YES;
				CLANG_WARN_INFINITE_RECURSION = YES;
				CLANG_WARN_INT_CONVERSION = YES;
				CLANG_WARN_NON_LITERAL_NULL_CONVERSION = YES;
				CLANG_WARN_OBJC_IMPLICIT_RETAIN_SELF = YES;
				CLANG_WARN_OBJC_LITERAL_CONVERSION = YES;
				CLANG_WARN_OBJC_ROOT_CLASS = YES_ERROR;
				CLANG_WARN_QUOTED_INCLUDE_IN_FRAMEWORK_HEADER = YES;
				CLANG_WARN_RANGE_LOOP_ANALYSIS = YES;
				CLANG_WARN_STRICT_PROTOTYPES = YES;
				CLANG_WARN_SUSPICIOUS_MOVE = YES;
				CLANG_WARN_UNGUARDED_AVAILABILITY = YES_AGGRESSIVE;
				CLANG_WARN_UNREACHABLE_CODE = YES;
				CLANG_WARN__DUPLICATE_METHOD_MATCH = YES;
				COPY_PHASE_STRIP = NO;
				DEBUG_INFORMATION_FORMAT = "dwarf-with-dsym";
				ENABLE_NS_ASSERTIONS = NO;
				ENABLE_STRICT_OBJC_MSGSEND = YES;
				ENABLE_USER_SCRIPT_SANDBOXING = YES;
				GCC_C_LANGUAGE_STANDARD = gnu17;
				GCC_NO_COMMON_BLOCKS = YES;
				GCC_WARN_64_TO_32_BIT_CONVERSION = YES;
				GCC_WARN_ABOUT_RETURN_TYPE = YES_ERROR;
				GCC_WARN_UNDECLARED_SELECTOR = YES;
				GCC_WARN_UNINITIALIZED_AUTOS = YES_AGGRESSIVE;
				GCC_WARN_UNUSED_FUNCTION = YES;
				GCC_WARN_UNUSED_VARIABLE = YES;
				IPHONEOS_DEPLOYMENT_TARGET = 17.2;
				LOCALIZATION_PREFERS_STRING_CATALOGS = YES;
				MTL_ENABLE_DEBUG_INFO = NO;
				MTL_FAST_MATH = YES;
				SDKROOT = iphoneos;
				SWIFT_COMPILATION_MODE = wholemodule;
				VALIDATE_PRODUCT = YES;
			};
			name = Release;
		};
		403B1B352B9F0E4100AD49C2 /* Debug */ = {
			isa = XCBuildConfiguration;
			buildSettings = {
				ASSETCATALOG_COMPILER_APPICON_NAME = AppIcon;
				ASSETCATALOG_COMPILER_GLOBAL_ACCENT_COLOR_NAME = AccentColor;
				CODE_SIGN_STYLE = Automatic;
				CURRENT_PROJECT_VERSION = 1;
				GENERATE_INFOPLIST_FILE = YES;
				INFOPLIST_FILE = SofascoreAcademy/Info.plist;
				INFOPLIST_KEY_UIApplicationSupportsIndirectInputEvents = YES;
				INFOPLIST_KEY_UILaunchStoryboardName = LaunchScreen;
				INFOPLIST_KEY_UISupportedInterfaceOrientations_iPad = "UIInterfaceOrientationPortrait UIInterfaceOrientationPortraitUpsideDown UIInterfaceOrientationLandscapeLeft UIInterfaceOrientationLandscapeRight";
				INFOPLIST_KEY_UISupportedInterfaceOrientations_iPhone = "UIInterfaceOrientationPortrait UIInterfaceOrientationLandscapeLeft UIInterfaceOrientationLandscapeRight";
				LD_RUNPATH_SEARCH_PATHS = (
					"$(inherited)",
					"@executable_path/Frameworks",
				);
				MARKETING_VERSION = 1.0;
				PRODUCT_BUNDLE_IDENTIFIER = Sofascore.SofascoreAcademy;
				PRODUCT_NAME = "$(TARGET_NAME)";
				SWIFT_EMIT_LOC_STRINGS = YES;
				SWIFT_VERSION = 5.0;
				TARGETED_DEVICE_FAMILY = "1,2";
			};
			name = Debug;
		};
		403B1B362B9F0E4100AD49C2 /* Release */ = {
			isa = XCBuildConfiguration;
			buildSettings = {
				ASSETCATALOG_COMPILER_APPICON_NAME = AppIcon;
				ASSETCATALOG_COMPILER_GLOBAL_ACCENT_COLOR_NAME = AccentColor;
				CODE_SIGN_STYLE = Automatic;
				CURRENT_PROJECT_VERSION = 1;
				GENERATE_INFOPLIST_FILE = YES;
				INFOPLIST_FILE = SofascoreAcademy/Info.plist;
				INFOPLIST_KEY_UIApplicationSupportsIndirectInputEvents = YES;
				INFOPLIST_KEY_UILaunchStoryboardName = LaunchScreen;
				INFOPLIST_KEY_UISupportedInterfaceOrientations_iPad = "UIInterfaceOrientationPortrait UIInterfaceOrientationPortraitUpsideDown UIInterfaceOrientationLandscapeLeft UIInterfaceOrientationLandscapeRight";
				INFOPLIST_KEY_UISupportedInterfaceOrientations_iPhone = "UIInterfaceOrientationPortrait UIInterfaceOrientationLandscapeLeft UIInterfaceOrientationLandscapeRight";
				LD_RUNPATH_SEARCH_PATHS = (
					"$(inherited)",
					"@executable_path/Frameworks",
				);
				MARKETING_VERSION = 1.0;
				PRODUCT_BUNDLE_IDENTIFIER = Sofascore.SofascoreAcademy;
				PRODUCT_NAME = "$(TARGET_NAME)";
				SWIFT_EMIT_LOC_STRINGS = YES;
				SWIFT_VERSION = 5.0;
				TARGETED_DEVICE_FAMILY = "1,2";
			};
			name = Release;
		};
/* End XCBuildConfiguration section */

/* Begin XCConfigurationList section */
		403B1B1B2B9F0E4000AD49C2 /* Build configuration list for PBXProject "SofascoreAcademy" */ = {
			isa = XCConfigurationList;
			buildConfigurations = (
				403B1B322B9F0E4100AD49C2 /* Debug */,
				403B1B332B9F0E4100AD49C2 /* Release */,
			);
			defaultConfigurationIsVisible = 0;
			defaultConfigurationName = Release;
		};
		403B1B342B9F0E4100AD49C2 /* Build configuration list for PBXNativeTarget "SofascoreAcademy" */ = {
			isa = XCConfigurationList;
			buildConfigurations = (
				403B1B352B9F0E4100AD49C2 /* Debug */,
				403B1B362B9F0E4100AD49C2 /* Release */,
			);
			defaultConfigurationIsVisible = 0;
			defaultConfigurationName = Release;
		};
/* End XCConfigurationList section */

/* Begin XCRemoteSwiftPackageReference section */
		40DF835B2BA1BD1600B2063E /* XCRemoteSwiftPackageReference "SnapKit" */ = {
			isa = XCRemoteSwiftPackageReference;
			repositoryURL = "https://github.com/SnapKit/SnapKit";
			requirement = {
				kind = upToNextMajorVersion;
				minimumVersion = 5.7.1;
			};
		};
		40DF83602BA1BD4200B2063E /* XCRemoteSwiftPackageReference "academy" */ = {
			isa = XCRemoteSwiftPackageReference;
			repositoryURL = "https://github.com/sofascore/academy";
			requirement = {
				branch = master;
				kind = branch;
			};
		};
/* End XCRemoteSwiftPackageReference section */

/* Begin XCSwiftPackageProductDependency section */
		40DF835C2BA1BD1600B2063E /* SnapKit */ = {
			isa = XCSwiftPackageProductDependency;
			package = 40DF835B2BA1BD1600B2063E /* XCRemoteSwiftPackageReference "SnapKit" */;
			productName = SnapKit;
		};
		40DF835E2BA1BD1600B2063E /* SnapKit-Dynamic */ = {
			isa = XCSwiftPackageProductDependency;
			package = 40DF835B2BA1BD1600B2063E /* XCRemoteSwiftPackageReference "SnapKit" */;
			productName = "SnapKit-Dynamic";
		};
		40DF83612BA1BD4200B2063E /* SofaAcademic */ = {
			isa = XCSwiftPackageProductDependency;
			package = 40DF83602BA1BD4200B2063E /* XCRemoteSwiftPackageReference "academy" */;
			productName = SofaAcademic;
		};
/* End XCSwiftPackageProductDependency section */
	};
	rootObject = 403B1B182B9F0E4000AD49C2 /* Project object */;
}
