// !$*UTF8*$!
{
	archiveVersion = 1;
	classes = {
	};
	objectVersion = 56;
	objects = {

/* Begin PBXBuildFile section */
		40009D132BE64C890024E85B /* CalendarItemView.swift in Sources */ = {isa = PBXBuildFile; fileRef = 40009D122BE64C890024E85B /* CalendarItemView.swift */; };
		40009D1C2BE7BD870024E85B /* CalendarViewController.swift in Sources */ = {isa = PBXBuildFile; fileRef = 40009D1B2BE7BD870024E85B /* CalendarViewController.swift */; };
		401626522BACD6CF00F08AF4 /* TournamentTableHeader.swift in Sources */ = {isa = PBXBuildFile; fileRef = 401626512BACD6CF00F08AF4 /* TournamentTableHeader.swift */; };
		4024C38A2BBC586200B86351 /* EventDetailsViewController.swift in Sources */ = {isa = PBXBuildFile; fileRef = 4024C3892BBC586200B86351 /* EventDetailsViewController.swift */; };
		4024C38C2BBC66C200B86351 /* MainViewController.swift in Sources */ = {isa = PBXBuildFile; fileRef = 4024C38B2BBC66C100B86351 /* MainViewController.swift */; };
		4024C38E2BBC66D600B86351 /* MainHeaderView.swift in Sources */ = {isa = PBXBuildFile; fileRef = 4024C38D2BBC66D600B86351 /* MainHeaderView.swift */; };
		4024C3922BBC672100B86351 /* TabItemView.swift in Sources */ = {isa = PBXBuildFile; fileRef = 4024C3912BBC672100B86351 /* TabItemView.swift */; };
		4024C3962BBC6C4200B86351 /* SafeAreaCoverView.swift in Sources */ = {isa = PBXBuildFile; fileRef = 4024C3952BBC6C4200B86351 /* SafeAreaCoverView.swift */; };
		4037CA532BAC50F000627202 /* String+Common.swift in Sources */ = {isa = PBXBuildFile; fileRef = 4037CA522BAC50F000627202 /* String+Common.swift */; };
		4037CA5A2BAC9BBA00627202 /* EventsViewController.swift in Sources */ = {isa = PBXBuildFile; fileRef = 4037CA592BAC9BBA00627202 /* EventsViewController.swift */; };
		4037CA5C2BAC9F7A00627202 /* EventTableCell.swift in Sources */ = {isa = PBXBuildFile; fileRef = 4037CA5B2BAC9F7A00627202 /* EventTableCell.swift */; };
		403B1B242B9F0E4000AD49C2 /* AppDelegate.swift in Sources */ = {isa = PBXBuildFile; fileRef = 403B1B232B9F0E4000AD49C2 /* AppDelegate.swift */; };
		403B1B2D2B9F0E4100AD49C2 /* Assets.xcassets in Resources */ = {isa = PBXBuildFile; fileRef = 403B1B2C2B9F0E4100AD49C2 /* Assets.xcassets */; };
		403B1B302B9F0E4100AD49C2 /* LaunchScreen.storyboard in Resources */ = {isa = PBXBuildFile; fileRef = 403B1B2E2B9F0E4100AD49C2 /* LaunchScreen.storyboard */; };
		403D4B032BCBEA90005936BA /* UserDefaultsHelper.swift in Sources */ = {isa = PBXBuildFile; fileRef = 403D4B022BCBEA90005936BA /* UserDefaultsHelper.swift */; };
		403D4B052BCC26C0005936BA /* AnimationsHelper.swift in Sources */ = {isa = PBXBuildFile; fileRef = 403D4B042BCC26C0005936BA /* AnimationsHelper.swift */; };
		403D4B082BCE5DDF005936BA /* ApiClient.swift in Sources */ = {isa = PBXBuildFile; fileRef = 403D4B072BCE5DDF005936BA /* ApiClient.swift */; };
		4050B1962BEA369C00682C55 /* UIImageView+Common.swift in Sources */ = {isa = PBXBuildFile; fileRef = 4050B1952BEA369C00682C55 /* UIImageView+Common.swift */; };
		4050B19A2BEB89AC00682C55 /* CalendarItemDelegateProtocol.swift in Sources */ = {isa = PBXBuildFile; fileRef = 4050B1992BEB89AC00682C55 /* CalendarItemDelegateProtocol.swift */; };
		4050B19C2BEBBA6200682C55 /* CalendarViewHelper.swift in Sources */ = {isa = PBXBuildFile; fileRef = 4050B19B2BEBBA6200682C55 /* CalendarViewHelper.swift */; };
		405F38B42BBED85100FE9F95 /* TabView.swift in Sources */ = {isa = PBXBuildFile; fileRef = 405F38B32BBED85100FE9F95 /* TabView.swift */; };
		405F38BA2BBEE94300FE9F95 /* TabItemDelegateProtocol.swift in Sources */ = {isa = PBXBuildFile; fileRef = 405F38B92BBEE94300FE9F95 /* TabItemDelegateProtocol.swift */; };
		4060D63D2BEF77DF00E8574B /* TabItemHelper.swift in Sources */ = {isa = PBXBuildFile; fileRef = 4060D63C2BEF77DF00E8574B /* TabItemHelper.swift */; };
		406838FB2BA5E2AD00B7FF60 /* Roboto-Bold.ttf in Resources */ = {isa = PBXBuildFile; fileRef = 406838F82BA5E2AD00B7FF60 /* Roboto-Bold.ttf */; };
		406838FC2BA5E2AD00B7FF60 /* Roboto-Regular.ttf in Resources */ = {isa = PBXBuildFile; fileRef = 406838F92BA5E2AD00B7FF60 /* Roboto-Regular.ttf */; };
		406838FD2BA5E2AD00B7FF60 /* RobotoCondensed-Regular.ttf in Resources */ = {isa = PBXBuildFile; fileRef = 406838FA2BA5E2AD00B7FF60 /* RobotoCondensed-Regular.ttf */; };
		408C05992C04E5E500421136 /* EmptyEventsView.swift in Sources */ = {isa = PBXBuildFile; fileRef = 408C05982C04E5E500421136 /* EmptyEventsView.swift */; };
		408C059D2C04FAD600421136 /* TournamentDetailsViewController.swift in Sources */ = {isa = PBXBuildFile; fileRef = 408C059C2C04FAD600421136 /* TournamentDetailsViewController.swift */; };
		40932A2C2BAD83DA00DCD1D6 /* EventView.swift in Sources */ = {isa = PBXBuildFile; fileRef = 40932A2B2BAD83DA00DCD1D6 /* EventView.swift */; };
		40932A2E2BAD845B00DCD1D6 /* MatchTimeView.swift in Sources */ = {isa = PBXBuildFile; fileRef = 40932A2D2BAD845B00DCD1D6 /* MatchTimeView.swift */; };
		40932A322BAD849F00DCD1D6 /* TeamView.swift in Sources */ = {isa = PBXBuildFile; fileRef = 40932A312BAD849E00DCD1D6 /* TeamView.swift */; };
		40932A342BAD860A00DCD1D6 /* TournamentHeaderView.swift in Sources */ = {isa = PBXBuildFile; fileRef = 40932A332BAD860A00DCD1D6 /* TournamentHeaderView.swift */; };
		4097FBE02BAB78C200CB4692 /* EventDateHelper.swift in Sources */ = {isa = PBXBuildFile; fileRef = 4097FBDF2BAB78C200CB4692 /* EventDateHelper.swift */; };
		409F9A172C13675A002C8D1E /* EventDetailsTeamView.swift in Sources */ = {isa = PBXBuildFile; fileRef = 409F9A162C13675A002C8D1E /* EventDetailsTeamView.swift */; };
		409F9A192C136A8D002C8D1E /* EventDetailsMainView.swift in Sources */ = {isa = PBXBuildFile; fileRef = 409F9A182C136A8D002C8D1E /* EventDetailsMainView.swift */; };
		409F9A1C2C149D17002C8D1E /* EventIncidentsViewController.swift in Sources */ = {isa = PBXBuildFile; fileRef = 409F9A1B2C149D17002C8D1E /* EventIncidentsViewController.swift */; };
		409F9A1F2C14A618002C8D1E /* PeriodIncidentView.swift in Sources */ = {isa = PBXBuildFile; fileRef = 409F9A1E2C14A618002C8D1E /* PeriodIncidentView.swift */; };
		409F9A222C14A922002C8D1E /* PeriodIncidentViewCell.swift in Sources */ = {isa = PBXBuildFile; fileRef = 409F9A212C14A922002C8D1E /* PeriodIncidentViewCell.swift */; };
		409F9A252C14BB87002C8D1E /* HomeCardIncidentView.swift in Sources */ = {isa = PBXBuildFile; fileRef = 409F9A242C14BB87002C8D1E /* HomeCardIncidentView.swift */; };
		409F9A272C14BB95002C8D1E /* AwayCardIncidentView.swift in Sources */ = {isa = PBXBuildFile; fileRef = 409F9A262C14BB95002C8D1E /* AwayCardIncidentView.swift */; };
		409F9A292C1599F7002C8D1E /* HomeCardIncidentViewCell.swift in Sources */ = {isa = PBXBuildFile; fileRef = 409F9A282C1599F7002C8D1E /* HomeCardIncidentViewCell.swift */; };
		409F9A2B2C159A07002C8D1E /* AwayCardIncidentViewCell.swift in Sources */ = {isa = PBXBuildFile; fileRef = 409F9A2A2C159A07002C8D1E /* AwayCardIncidentViewCell.swift */; };
		409F9A2E2C159EA8002C8D1E /* HomeGoalIncidentView.swift in Sources */ = {isa = PBXBuildFile; fileRef = 409F9A2D2C159EA8002C8D1E /* HomeGoalIncidentView.swift */; };
		409F9A302C159EB1002C8D1E /* HomeGoalIncidentViewCell.swift in Sources */ = {isa = PBXBuildFile; fileRef = 409F9A2F2C159EB1002C8D1E /* HomeGoalIncidentViewCell.swift */; };
		409F9A322C159EBA002C8D1E /* AwayGoalIncidentView.swift in Sources */ = {isa = PBXBuildFile; fileRef = 409F9A312C159EBA002C8D1E /* AwayGoalIncidentView.swift */; };
		409F9A342C159EC7002C8D1E /* AwayGoalIncidentViewCell.swift in Sources */ = {isa = PBXBuildFile; fileRef = 409F9A332C159EC7002C8D1E /* AwayGoalIncidentViewCell.swift */; };
		409F9A372C15DAFA002C8D1E /* BasketballHomeGoalIncidentView.swift in Sources */ = {isa = PBXBuildFile; fileRef = 409F9A362C15DAFA002C8D1E /* BasketballHomeGoalIncidentView.swift */; };
		409F9A392C15DB0B002C8D1E /* BasketballHomeGoalIncidentViewCell.swift in Sources */ = {isa = PBXBuildFile; fileRef = 409F9A382C15DB0B002C8D1E /* BasketballHomeGoalIncidentViewCell.swift */; };
		409F9A3B2C15DB18002C8D1E /* BasketballAwayGoalIncidentView.swift in Sources */ = {isa = PBXBuildFile; fileRef = 409F9A3A2C15DB18002C8D1E /* BasketballAwayGoalIncidentView.swift */; };
		409F9A3D2C15DB20002C8D1E /* BasketballAwayGoalIncidentViewCell.swift in Sources */ = {isa = PBXBuildFile; fileRef = 409F9A3C2C15DB20002C8D1E /* BasketballAwayGoalIncidentViewCell.swift */; };
		409F9A3F2C161AD8002C8D1E /* EmptyIncidentsView.swift in Sources */ = {isa = PBXBuildFile; fileRef = 409F9A3E2C161AD8002C8D1E /* EmptyIncidentsView.swift */; };
		409F9A412C164EC2002C8D1E /* TeamDetailsViewController.swift in Sources */ = {isa = PBXBuildFile; fileRef = 409F9A402C164EC2002C8D1E /* TeamDetailsViewController.swift */; };
		409F9A432C164ED4002C8D1E /* PlayerDetailsViewController.swift in Sources */ = {isa = PBXBuildFile; fileRef = 409F9A422C164ED4002C8D1E /* PlayerDetailsViewController.swift */; };
		409F9A452C165139002C8D1E /* TeamDetailsDelegateProtocol.swift in Sources */ = {isa = PBXBuildFile; fileRef = 409F9A442C165139002C8D1E /* TeamDetailsDelegateProtocol.swift */; };
		409F9A472C1658ED002C8D1E /* LeaguesViewController.swift in Sources */ = {isa = PBXBuildFile; fileRef = 409F9A462C1658ED002C8D1E /* LeaguesViewController.swift */; };
		409F9A4A2C16677D002C8D1E /* TournamentDetailsHeaderView.swift in Sources */ = {isa = PBXBuildFile; fileRef = 409F9A492C16677D002C8D1E /* TournamentDetailsHeaderView.swift */; };
		409F9A4C2C16775D002C8D1E /* TournamentDetailsTabItemView.swift in Sources */ = {isa = PBXBuildFile; fileRef = 409F9A4B2C16775D002C8D1E /* TournamentDetailsTabItemView.swift */; };
		409F9A4E2C167770002C8D1E /* TournamentDetailsTabView.swift in Sources */ = {isa = PBXBuildFile; fileRef = 409F9A4D2C167770002C8D1E /* TournamentDetailsTabView.swift */; };
		409F9A502C167C42002C8D1E /* TournamentTabItemDelegateProtocol.swift in Sources */ = {isa = PBXBuildFile; fileRef = 409F9A4F2C167C42002C8D1E /* TournamentTabItemDelegateProtocol.swift */; };
		409F9A532C16803F002C8D1E /* TournamentMatchesViewController.swift in Sources */ = {isa = PBXBuildFile; fileRef = 409F9A522C16803F002C8D1E /* TournamentMatchesViewController.swift */; };
		409F9A552C16804B002C8D1E /* TournamentStandingsViewController.swift in Sources */ = {isa = PBXBuildFile; fileRef = 409F9A542C16804B002C8D1E /* TournamentStandingsViewController.swift */; };
		409F9A572C1680F7002C8D1E /* TableRoundHeader.swift in Sources */ = {isa = PBXBuildFile; fileRef = 409F9A562C1680F7002C8D1E /* TableRoundHeader.swift */; };
		409F9A592C16FC43002C8D1E /* RoundHeaderView.swift in Sources */ = {isa = PBXBuildFile; fileRef = 409F9A582C16FC43002C8D1E /* RoundHeaderView.swift */; };
		409F9A5B2C1736DD002C8D1E /* FootballStandingsHeaderView.swift in Sources */ = {isa = PBXBuildFile; fileRef = 409F9A5A2C1736DD002C8D1E /* FootballStandingsHeaderView.swift */; };
		409F9A5D2C1736ED002C8D1E /* TournamentStandingsRowView.swift in Sources */ = {isa = PBXBuildFile; fileRef = 409F9A5C2C1736ED002C8D1E /* TournamentStandingsRowView.swift */; };
		409F9A5F2C173B5A002C8D1E /* BasketballStandingsHeaderView.swift in Sources */ = {isa = PBXBuildFile; fileRef = 409F9A5E2C173B5A002C8D1E /* BasketballStandingsHeaderView.swift */; };
		409F9A642C173C76002C8D1E /* AmFootballStandingsHeaderView.swift in Sources */ = {isa = PBXBuildFile; fileRef = 409F9A632C173C76002C8D1E /* AmFootballStandingsHeaderView.swift */; };
		409F9A662C173D16002C8D1E /* AmFootballStandingsHeader.swift in Sources */ = {isa = PBXBuildFile; fileRef = 409F9A652C173D16002C8D1E /* AmFootballStandingsHeader.swift */; };
		409F9A682C173D21002C8D1E /* BasketballStandingsHeader.swift in Sources */ = {isa = PBXBuildFile; fileRef = 409F9A672C173D21002C8D1E /* BasketballStandingsHeader.swift */; };
		409F9A6A2C173D2D002C8D1E /* FootballStandingsHeader.swift in Sources */ = {isa = PBXBuildFile; fileRef = 409F9A692C173D2D002C8D1E /* FootballStandingsHeader.swift */; };
		409F9A6C2C17448E002C8D1E /* AmFootballStandingsCellView.swift in Sources */ = {isa = PBXBuildFile; fileRef = 409F9A6B2C17448E002C8D1E /* AmFootballStandingsCellView.swift */; };
		409F9A6E2C174495002C8D1E /* AmFootballStandingsCell.swift in Sources */ = {isa = PBXBuildFile; fileRef = 409F9A6D2C174495002C8D1E /* AmFootballStandingsCell.swift */; };
		409F9A702C1744A0002C8D1E /* FootballStandingsCellView.swift in Sources */ = {isa = PBXBuildFile; fileRef = 409F9A6F2C1744A0002C8D1E /* FootballStandingsCellView.swift */; };
		409F9A722C1744A7002C8D1E /* FootballStandingsCell.swift in Sources */ = {isa = PBXBuildFile; fileRef = 409F9A712C1744A7002C8D1E /* FootballStandingsCell.swift */; };
		409F9A742C1744B8002C8D1E /* BasketballStandingsCellView.swift in Sources */ = {isa = PBXBuildFile; fileRef = 409F9A732C1744B8002C8D1E /* BasketballStandingsCellView.swift */; };
		409F9A762C1744C2002C8D1E /* BasketballStandingsCell.swift in Sources */ = {isa = PBXBuildFile; fileRef = 409F9A752C1744C2002C8D1E /* BasketballStandingsCell.swift */; };
		40A772192BE7D8D000801DF3 /* CalendarCollectionCell.swift in Sources */ = {isa = PBXBuildFile; fileRef = 40A772182BE7D8D000801DF3 /* CalendarCollectionCell.swift */; };
		40A7721B2BE83AA600801DF3 /* ApiEventModel.swift in Sources */ = {isa = PBXBuildFile; fileRef = 40A7721A2BE83AA600801DF3 /* ApiEventModel.swift */; };
		40CD8DB02BBD5A4E001B7B1B /* SettingsViewController.swift in Sources */ = {isa = PBXBuildFile; fileRef = 40CD8DAF2BBD5A4E001B7B1B /* SettingsViewController.swift */; };
		40DF835D2BA1BD1600B2063E /* SnapKit in Frameworks */ = {isa = PBXBuildFile; productRef = 40DF835C2BA1BD1600B2063E /* SnapKit */; };
		40DF835F2BA1BD1600B2063E /* SnapKit-Dynamic in Frameworks */ = {isa = PBXBuildFile; productRef = 40DF835E2BA1BD1600B2063E /* SnapKit-Dynamic */; };
		40DF83622BA1BD4200B2063E /* SofaAcademic in Frameworks */ = {isa = PBXBuildFile; productRef = 40DF83612BA1BD4200B2063E /* SofaAcademic */; };
		40E50C412BBD770300811859 /* TabBarSports.swift in Sources */ = {isa = PBXBuildFile; fileRef = 40E50C402BBD770300811859 /* TabBarSports.swift */; };
		40E50C472BBDE2C800811859 /* TabBarItemModel.swift in Sources */ = {isa = PBXBuildFile; fileRef = 40E50C462BBDE2C800811859 /* TabBarItemModel.swift */; };
		40E803DB2BA34B870097C8C1 /* Fonts.swift in Sources */ = {isa = PBXBuildFile; fileRef = 40E803DA2BA34B870097C8C1 /* Fonts.swift */; };
/* End PBXBuildFile section */

/* Begin PBXFileReference section */
		40009D122BE64C890024E85B /* CalendarItemView.swift */ = {isa = PBXFileReference; lastKnownFileType = sourcecode.swift; path = CalendarItemView.swift; sourceTree = "<group>"; };
		40009D1B2BE7BD870024E85B /* CalendarViewController.swift */ = {isa = PBXFileReference; lastKnownFileType = sourcecode.swift; path = CalendarViewController.swift; sourceTree = "<group>"; };
		401626512BACD6CF00F08AF4 /* TournamentTableHeader.swift */ = {isa = PBXFileReference; lastKnownFileType = sourcecode.swift; path = TournamentTableHeader.swift; sourceTree = "<group>"; };
		4024C3892BBC586200B86351 /* EventDetailsViewController.swift */ = {isa = PBXFileReference; lastKnownFileType = sourcecode.swift; path = EventDetailsViewController.swift; sourceTree = "<group>"; };
		4024C38B2BBC66C100B86351 /* MainViewController.swift */ = {isa = PBXFileReference; lastKnownFileType = sourcecode.swift; path = MainViewController.swift; sourceTree = "<group>"; };
		4024C38D2BBC66D600B86351 /* MainHeaderView.swift */ = {isa = PBXFileReference; lastKnownFileType = sourcecode.swift; path = MainHeaderView.swift; sourceTree = "<group>"; };
		4024C3912BBC672100B86351 /* TabItemView.swift */ = {isa = PBXFileReference; lastKnownFileType = sourcecode.swift; path = TabItemView.swift; sourceTree = "<group>"; };
		4024C3952BBC6C4200B86351 /* SafeAreaCoverView.swift */ = {isa = PBXFileReference; lastKnownFileType = sourcecode.swift; path = SafeAreaCoverView.swift; sourceTree = "<group>"; };
		4037CA522BAC50F000627202 /* String+Common.swift */ = {isa = PBXFileReference; lastKnownFileType = sourcecode.swift; path = "String+Common.swift"; sourceTree = "<group>"; };
		4037CA592BAC9BBA00627202 /* EventsViewController.swift */ = {isa = PBXFileReference; lastKnownFileType = sourcecode.swift; path = EventsViewController.swift; sourceTree = "<group>"; };
		4037CA5B2BAC9F7A00627202 /* EventTableCell.swift */ = {isa = PBXFileReference; lastKnownFileType = sourcecode.swift; path = EventTableCell.swift; sourceTree = "<group>"; };
		403B1B202B9F0E4000AD49C2 /* SofascoreAcademy.app */ = {isa = PBXFileReference; explicitFileType = wrapper.application; includeInIndex = 0; path = SofascoreAcademy.app; sourceTree = BUILT_PRODUCTS_DIR; };
		403B1B232B9F0E4000AD49C2 /* AppDelegate.swift */ = {isa = PBXFileReference; lastKnownFileType = sourcecode.swift; path = AppDelegate.swift; sourceTree = "<group>"; };
		403B1B2C2B9F0E4100AD49C2 /* Assets.xcassets */ = {isa = PBXFileReference; lastKnownFileType = folder.assetcatalog; path = Assets.xcassets; sourceTree = "<group>"; };
		403B1B2F2B9F0E4100AD49C2 /* Base */ = {isa = PBXFileReference; lastKnownFileType = file.storyboard; name = Base; path = Base.lproj/LaunchScreen.storyboard; sourceTree = "<group>"; };
		403B1B312B9F0E4100AD49C2 /* Info.plist */ = {isa = PBXFileReference; lastKnownFileType = text.plist.xml; path = Info.plist; sourceTree = "<group>"; };
		403D4B022BCBEA90005936BA /* UserDefaultsHelper.swift */ = {isa = PBXFileReference; lastKnownFileType = sourcecode.swift; path = UserDefaultsHelper.swift; sourceTree = "<group>"; };
		403D4B042BCC26C0005936BA /* AnimationsHelper.swift */ = {isa = PBXFileReference; lastKnownFileType = sourcecode.swift; path = AnimationsHelper.swift; sourceTree = "<group>"; };
		403D4B072BCE5DDF005936BA /* ApiClient.swift */ = {isa = PBXFileReference; lastKnownFileType = sourcecode.swift; path = ApiClient.swift; sourceTree = "<group>"; };
		4050B1952BEA369C00682C55 /* UIImageView+Common.swift */ = {isa = PBXFileReference; lastKnownFileType = sourcecode.swift; path = "UIImageView+Common.swift"; sourceTree = "<group>"; };
		4050B1992BEB89AC00682C55 /* CalendarItemDelegateProtocol.swift */ = {isa = PBXFileReference; lastKnownFileType = sourcecode.swift; path = CalendarItemDelegateProtocol.swift; sourceTree = "<group>"; };
		4050B19B2BEBBA6200682C55 /* CalendarViewHelper.swift */ = {isa = PBXFileReference; lastKnownFileType = sourcecode.swift; path = CalendarViewHelper.swift; sourceTree = "<group>"; };
		405F38B32BBED85100FE9F95 /* TabView.swift */ = {isa = PBXFileReference; lastKnownFileType = sourcecode.swift; path = TabView.swift; sourceTree = "<group>"; };
		405F38B92BBEE94300FE9F95 /* TabItemDelegateProtocol.swift */ = {isa = PBXFileReference; lastKnownFileType = sourcecode.swift; path = TabItemDelegateProtocol.swift; sourceTree = "<group>"; };
		4060D63C2BEF77DF00E8574B /* TabItemHelper.swift */ = {isa = PBXFileReference; lastKnownFileType = sourcecode.swift; path = TabItemHelper.swift; sourceTree = "<group>"; };
		406838F82BA5E2AD00B7FF60 /* Roboto-Bold.ttf */ = {isa = PBXFileReference; lastKnownFileType = file; path = "Roboto-Bold.ttf"; sourceTree = "<group>"; };
		406838F92BA5E2AD00B7FF60 /* Roboto-Regular.ttf */ = {isa = PBXFileReference; lastKnownFileType = file; path = "Roboto-Regular.ttf"; sourceTree = "<group>"; };
		406838FA2BA5E2AD00B7FF60 /* RobotoCondensed-Regular.ttf */ = {isa = PBXFileReference; lastKnownFileType = file; path = "RobotoCondensed-Regular.ttf"; sourceTree = "<group>"; };
		408C05982C04E5E500421136 /* EmptyEventsView.swift */ = {isa = PBXFileReference; lastKnownFileType = sourcecode.swift; path = EmptyEventsView.swift; sourceTree = "<group>"; };
		408C059C2C04FAD600421136 /* TournamentDetailsViewController.swift */ = {isa = PBXFileReference; lastKnownFileType = sourcecode.swift; path = TournamentDetailsViewController.swift; sourceTree = "<group>"; };
		40932A2B2BAD83DA00DCD1D6 /* EventView.swift */ = {isa = PBXFileReference; lastKnownFileType = sourcecode.swift; path = EventView.swift; sourceTree = "<group>"; };
		40932A2D2BAD845B00DCD1D6 /* MatchTimeView.swift */ = {isa = PBXFileReference; lastKnownFileType = sourcecode.swift; path = MatchTimeView.swift; sourceTree = "<group>"; };
		40932A312BAD849E00DCD1D6 /* TeamView.swift */ = {isa = PBXFileReference; lastKnownFileType = sourcecode.swift; path = TeamView.swift; sourceTree = "<group>"; };
		40932A332BAD860A00DCD1D6 /* TournamentHeaderView.swift */ = {isa = PBXFileReference; lastKnownFileType = sourcecode.swift; path = TournamentHeaderView.swift; sourceTree = "<group>"; };
		4097FBDF2BAB78C200CB4692 /* EventDateHelper.swift */ = {isa = PBXFileReference; lastKnownFileType = sourcecode.swift; path = EventDateHelper.swift; sourceTree = "<group>"; };
		409F9A162C13675A002C8D1E /* EventDetailsTeamView.swift */ = {isa = PBXFileReference; lastKnownFileType = sourcecode.swift; path = EventDetailsTeamView.swift; sourceTree = "<group>"; };
		409F9A182C136A8D002C8D1E /* EventDetailsMainView.swift */ = {isa = PBXFileReference; lastKnownFileType = sourcecode.swift; path = EventDetailsMainView.swift; sourceTree = "<group>"; };
		409F9A1B2C149D17002C8D1E /* EventIncidentsViewController.swift */ = {isa = PBXFileReference; lastKnownFileType = sourcecode.swift; path = EventIncidentsViewController.swift; sourceTree = "<group>"; };
		409F9A1E2C14A618002C8D1E /* PeriodIncidentView.swift */ = {isa = PBXFileReference; lastKnownFileType = sourcecode.swift; path = PeriodIncidentView.swift; sourceTree = "<group>"; };
		409F9A212C14A922002C8D1E /* PeriodIncidentViewCell.swift */ = {isa = PBXFileReference; lastKnownFileType = sourcecode.swift; path = PeriodIncidentViewCell.swift; sourceTree = "<group>"; };
		409F9A242C14BB87002C8D1E /* HomeCardIncidentView.swift */ = {isa = PBXFileReference; lastKnownFileType = sourcecode.swift; path = HomeCardIncidentView.swift; sourceTree = "<group>"; };
		409F9A262C14BB95002C8D1E /* AwayCardIncidentView.swift */ = {isa = PBXFileReference; lastKnownFileType = sourcecode.swift; path = AwayCardIncidentView.swift; sourceTree = "<group>"; };
		409F9A282C1599F7002C8D1E /* HomeCardIncidentViewCell.swift */ = {isa = PBXFileReference; lastKnownFileType = sourcecode.swift; path = HomeCardIncidentViewCell.swift; sourceTree = "<group>"; };
		409F9A2A2C159A07002C8D1E /* AwayCardIncidentViewCell.swift */ = {isa = PBXFileReference; lastKnownFileType = sourcecode.swift; path = AwayCardIncidentViewCell.swift; sourceTree = "<group>"; };
		409F9A2D2C159EA8002C8D1E /* HomeGoalIncidentView.swift */ = {isa = PBXFileReference; lastKnownFileType = sourcecode.swift; path = HomeGoalIncidentView.swift; sourceTree = "<group>"; };
		409F9A2F2C159EB1002C8D1E /* HomeGoalIncidentViewCell.swift */ = {isa = PBXFileReference; lastKnownFileType = sourcecode.swift; path = HomeGoalIncidentViewCell.swift; sourceTree = "<group>"; };
		409F9A312C159EBA002C8D1E /* AwayGoalIncidentView.swift */ = {isa = PBXFileReference; lastKnownFileType = sourcecode.swift; path = AwayGoalIncidentView.swift; sourceTree = "<group>"; };
		409F9A332C159EC7002C8D1E /* AwayGoalIncidentViewCell.swift */ = {isa = PBXFileReference; lastKnownFileType = sourcecode.swift; path = AwayGoalIncidentViewCell.swift; sourceTree = "<group>"; };
		409F9A362C15DAFA002C8D1E /* BasketballHomeGoalIncidentView.swift */ = {isa = PBXFileReference; lastKnownFileType = sourcecode.swift; path = BasketballHomeGoalIncidentView.swift; sourceTree = "<group>"; };
		409F9A382C15DB0B002C8D1E /* BasketballHomeGoalIncidentViewCell.swift */ = {isa = PBXFileReference; lastKnownFileType = sourcecode.swift; path = BasketballHomeGoalIncidentViewCell.swift; sourceTree = "<group>"; };
		409F9A3A2C15DB18002C8D1E /* BasketballAwayGoalIncidentView.swift */ = {isa = PBXFileReference; lastKnownFileType = sourcecode.swift; path = BasketballAwayGoalIncidentView.swift; sourceTree = "<group>"; };
		409F9A3C2C15DB20002C8D1E /* BasketballAwayGoalIncidentViewCell.swift */ = {isa = PBXFileReference; lastKnownFileType = sourcecode.swift; path = BasketballAwayGoalIncidentViewCell.swift; sourceTree = "<group>"; };
		409F9A3E2C161AD8002C8D1E /* EmptyIncidentsView.swift */ = {isa = PBXFileReference; lastKnownFileType = sourcecode.swift; path = EmptyIncidentsView.swift; sourceTree = "<group>"; };
		409F9A402C164EC2002C8D1E /* TeamDetailsViewController.swift */ = {isa = PBXFileReference; lastKnownFileType = sourcecode.swift; path = TeamDetailsViewController.swift; sourceTree = "<group>"; };
		409F9A422C164ED4002C8D1E /* PlayerDetailsViewController.swift */ = {isa = PBXFileReference; lastKnownFileType = sourcecode.swift; path = PlayerDetailsViewController.swift; sourceTree = "<group>"; };
		409F9A442C165139002C8D1E /* TeamDetailsDelegateProtocol.swift */ = {isa = PBXFileReference; lastKnownFileType = sourcecode.swift; path = TeamDetailsDelegateProtocol.swift; sourceTree = "<group>"; };
		409F9A462C1658ED002C8D1E /* LeaguesViewController.swift */ = {isa = PBXFileReference; lastKnownFileType = sourcecode.swift; path = LeaguesViewController.swift; sourceTree = "<group>"; };
		409F9A492C16677D002C8D1E /* TournamentDetailsHeaderView.swift */ = {isa = PBXFileReference; lastKnownFileType = sourcecode.swift; path = TournamentDetailsHeaderView.swift; sourceTree = "<group>"; };
		409F9A4B2C16775D002C8D1E /* TournamentDetailsTabItemView.swift */ = {isa = PBXFileReference; lastKnownFileType = sourcecode.swift; path = TournamentDetailsTabItemView.swift; sourceTree = "<group>"; };
		409F9A4D2C167770002C8D1E /* TournamentDetailsTabView.swift */ = {isa = PBXFileReference; lastKnownFileType = sourcecode.swift; path = TournamentDetailsTabView.swift; sourceTree = "<group>"; };
		409F9A4F2C167C42002C8D1E /* TournamentTabItemDelegateProtocol.swift */ = {isa = PBXFileReference; lastKnownFileType = sourcecode.swift; path = TournamentTabItemDelegateProtocol.swift; sourceTree = "<group>"; };
		409F9A522C16803F002C8D1E /* TournamentMatchesViewController.swift */ = {isa = PBXFileReference; lastKnownFileType = sourcecode.swift; path = TournamentMatchesViewController.swift; sourceTree = "<group>"; };
		409F9A542C16804B002C8D1E /* TournamentStandingsViewController.swift */ = {isa = PBXFileReference; lastKnownFileType = sourcecode.swift; path = TournamentStandingsViewController.swift; sourceTree = "<group>"; };
		409F9A562C1680F7002C8D1E /* TableRoundHeader.swift */ = {isa = PBXFileReference; lastKnownFileType = sourcecode.swift; path = TableRoundHeader.swift; sourceTree = "<group>"; };
		409F9A582C16FC43002C8D1E /* RoundHeaderView.swift */ = {isa = PBXFileReference; lastKnownFileType = sourcecode.swift; path = RoundHeaderView.swift; sourceTree = "<group>"; };
		409F9A5A2C1736DD002C8D1E /* FootballStandingsHeaderView.swift */ = {isa = PBXFileReference; lastKnownFileType = sourcecode.swift; path = FootballStandingsHeaderView.swift; sourceTree = "<group>"; };
		409F9A5C2C1736ED002C8D1E /* TournamentStandingsRowView.swift */ = {isa = PBXFileReference; lastKnownFileType = sourcecode.swift; path = TournamentStandingsRowView.swift; sourceTree = "<group>"; };
		409F9A5E2C173B5A002C8D1E /* BasketballStandingsHeaderView.swift */ = {isa = PBXFileReference; lastKnownFileType = sourcecode.swift; path = BasketballStandingsHeaderView.swift; sourceTree = "<group>"; };
		409F9A632C173C76002C8D1E /* AmFootballStandingsHeaderView.swift */ = {isa = PBXFileReference; lastKnownFileType = sourcecode.swift; path = AmFootballStandingsHeaderView.swift; sourceTree = "<group>"; };
		409F9A652C173D16002C8D1E /* AmFootballStandingsHeader.swift */ = {isa = PBXFileReference; lastKnownFileType = sourcecode.swift; path = AmFootballStandingsHeader.swift; sourceTree = "<group>"; };
		409F9A672C173D21002C8D1E /* BasketballStandingsHeader.swift */ = {isa = PBXFileReference; lastKnownFileType = sourcecode.swift; path = BasketballStandingsHeader.swift; sourceTree = "<group>"; };
		409F9A692C173D2D002C8D1E /* FootballStandingsHeader.swift */ = {isa = PBXFileReference; lastKnownFileType = sourcecode.swift; path = FootballStandingsHeader.swift; sourceTree = "<group>"; };
		409F9A6B2C17448E002C8D1E /* AmFootballStandingsCellView.swift */ = {isa = PBXFileReference; lastKnownFileType = sourcecode.swift; path = AmFootballStandingsCellView.swift; sourceTree = "<group>"; };
		409F9A6D2C174495002C8D1E /* AmFootballStandingsCell.swift */ = {isa = PBXFileReference; lastKnownFileType = sourcecode.swift; path = AmFootballStandingsCell.swift; sourceTree = "<group>"; };
		409F9A6F2C1744A0002C8D1E /* FootballStandingsCellView.swift */ = {isa = PBXFileReference; lastKnownFileType = sourcecode.swift; path = FootballStandingsCellView.swift; sourceTree = "<group>"; };
		409F9A712C1744A7002C8D1E /* FootballStandingsCell.swift */ = {isa = PBXFileReference; lastKnownFileType = sourcecode.swift; path = FootballStandingsCell.swift; sourceTree = "<group>"; };
		409F9A732C1744B8002C8D1E /* BasketballStandingsCellView.swift */ = {isa = PBXFileReference; lastKnownFileType = sourcecode.swift; path = BasketballStandingsCellView.swift; sourceTree = "<group>"; };
		409F9A752C1744C2002C8D1E /* BasketballStandingsCell.swift */ = {isa = PBXFileReference; lastKnownFileType = sourcecode.swift; path = BasketballStandingsCell.swift; sourceTree = "<group>"; };
		40A772182BE7D8D000801DF3 /* CalendarCollectionCell.swift */ = {isa = PBXFileReference; lastKnownFileType = sourcecode.swift; path = CalendarCollectionCell.swift; sourceTree = "<group>"; };
		40A7721A2BE83AA600801DF3 /* ApiEventModel.swift */ = {isa = PBXFileReference; lastKnownFileType = sourcecode.swift; path = ApiEventModel.swift; sourceTree = "<group>"; };
		40CD8DAF2BBD5A4E001B7B1B /* SettingsViewController.swift */ = {isa = PBXFileReference; lastKnownFileType = sourcecode.swift; path = SettingsViewController.swift; sourceTree = "<group>"; };
		40E50C402BBD770300811859 /* TabBarSports.swift */ = {isa = PBXFileReference; lastKnownFileType = sourcecode.swift; path = TabBarSports.swift; sourceTree = "<group>"; };
		40E50C462BBDE2C800811859 /* TabBarItemModel.swift */ = {isa = PBXFileReference; lastKnownFileType = sourcecode.swift; path = TabBarItemModel.swift; sourceTree = "<group>"; };
		40E803DA2BA34B870097C8C1 /* Fonts.swift */ = {isa = PBXFileReference; lastKnownFileType = sourcecode.swift; path = Fonts.swift; sourceTree = "<group>"; };
/* End PBXFileReference section */

/* Begin PBXFrameworksBuildPhase section */
		403B1B1D2B9F0E4000AD49C2 /* Frameworks */ = {
			isa = PBXFrameworksBuildPhase;
			buildActionMask = 2147483647;
			files = (
				40DF835D2BA1BD1600B2063E /* SnapKit in Frameworks */,
				40DF83622BA1BD4200B2063E /* SofaAcademic in Frameworks */,
				40DF835F2BA1BD1600B2063E /* SnapKit-Dynamic in Frameworks */,
			);
			runOnlyForDeploymentPostprocessing = 0;
		};
/* End PBXFrameworksBuildPhase section */

/* Begin PBXGroup section */
		40009D112BE64C710024E85B /* Calendar Views */ = {
			isa = PBXGroup;
			children = (
				40009D122BE64C890024E85B /* CalendarItemView.swift */,
				40A772182BE7D8D000801DF3 /* CalendarCollectionCell.swift */,
			);
			path = "Calendar Views";
			sourceTree = "<group>";
		};
		401626532BACE38B00F08AF4 /* Table Cell Views */ = {
			isa = PBXGroup;
			children = (
				4037CA5B2BAC9F7A00627202 /* EventTableCell.swift */,
				401626512BACD6CF00F08AF4 /* TournamentTableHeader.swift */,
				409F9A562C1680F7002C8D1E /* TableRoundHeader.swift */,
			);
			path = "Table Cell Views";
			sourceTree = "<group>";
		};
		4037CA542BAC7D4D00627202 /* Helpers */ = {
			isa = PBXGroup;
			children = (
				4097FBDF2BAB78C200CB4692 /* EventDateHelper.swift */,
				403D4B022BCBEA90005936BA /* UserDefaultsHelper.swift */,
				403D4B042BCC26C0005936BA /* AnimationsHelper.swift */,
				4050B19B2BEBBA6200682C55 /* CalendarViewHelper.swift */,
				4060D63C2BEF77DF00E8574B /* TabItemHelper.swift */,
			);
			path = Helpers;
			sourceTree = "<group>";
		};
		403B1B172B9F0E4000AD49C2 = {
			isa = PBXGroup;
			children = (
				403B1B222B9F0E4000AD49C2 /* SofascoreAcademy */,
				403B1B212B9F0E4000AD49C2 /* Products */,
			);
			sourceTree = "<group>";
		};
		403B1B212B9F0E4000AD49C2 /* Products */ = {
			isa = PBXGroup;
			children = (
				403B1B202B9F0E4000AD49C2 /* SofascoreAcademy.app */,
			);
			name = Products;
			sourceTree = "<group>";
		};
		403B1B222B9F0E4000AD49C2 /* SofascoreAcademy */ = {
			isa = PBXGroup;
			children = (
				403D4B062BCE5DD0005936BA /* Networking */,
				405F38B82BBEE93500FE9F95 /* Protocols */,
				40F216222BA7A78F00A777BE /* Attributes */,
				40E803D92BA3246A0097C8C1 /* Controllers */,
				4037CA542BAC7D4D00627202 /* Helpers */,
				40E803D72BA324520097C8C1 /* Models */,
				40E803D82BA324610097C8C1 /* Views */,
				403B1B232B9F0E4000AD49C2 /* AppDelegate.swift */,
				40E803DF2BA352E00097C8C1 /* fonts */,
				403B1B2C2B9F0E4100AD49C2 /* Assets.xcassets */,
				403B1B2E2B9F0E4100AD49C2 /* LaunchScreen.storyboard */,
				403B1B312B9F0E4100AD49C2 /* Info.plist */,
			);
			path = SofascoreAcademy;
			sourceTree = "<group>";
		};
		403D4B062BCE5DD0005936BA /* Networking */ = {
			isa = PBXGroup;
			children = (
				403D4B072BCE5DDF005936BA /* ApiClient.swift */,
			);
			path = Networking;
			sourceTree = "<group>";
		};
		405F38B52BBED85900FE9F95 /* Tab Views */ = {
			isa = PBXGroup;
			children = (
				4024C3912BBC672100B86351 /* TabItemView.swift */,
				405F38B32BBED85100FE9F95 /* TabView.swift */,
			);
			path = "Tab Views";
			sourceTree = "<group>";
		};
		405F38B62BBED88300FE9F95 /* Event Views */ = {
			isa = PBXGroup;
			children = (
				40932A312BAD849E00DCD1D6 /* TeamView.swift */,
				40932A2D2BAD845B00DCD1D6 /* MatchTimeView.swift */,
				40932A2B2BAD83DA00DCD1D6 /* EventView.swift */,
				408C05982C04E5E500421136 /* EmptyEventsView.swift */,
			);
			path = "Event Views";
			sourceTree = "<group>";
		};
		405F38B72BBED8A400FE9F95 /* Header Views */ = {
			isa = PBXGroup;
			children = (
				40932A332BAD860A00DCD1D6 /* TournamentHeaderView.swift */,
				4024C38D2BBC66D600B86351 /* MainHeaderView.swift */,
				409F9A582C16FC43002C8D1E /* RoundHeaderView.swift */,
			);
			path = "Header Views";
			sourceTree = "<group>";
		};
		405F38B82BBEE93500FE9F95 /* Protocols */ = {
			isa = PBXGroup;
			children = (
				405F38B92BBEE94300FE9F95 /* TabItemDelegateProtocol.swift */,
				4050B1992BEB89AC00682C55 /* CalendarItemDelegateProtocol.swift */,
				409F9A442C165139002C8D1E /* TeamDetailsDelegateProtocol.swift */,
				409F9A4F2C167C42002C8D1E /* TournamentTabItemDelegateProtocol.swift */,
			);
			path = Protocols;
			sourceTree = "<group>";
		};
		409F9A152C136703002C8D1E /* Event Details Views */ = {
			isa = PBXGroup;
			children = (
				409F9A182C136A8D002C8D1E /* EventDetailsMainView.swift */,
				409F9A162C13675A002C8D1E /* EventDetailsTeamView.swift */,
			);
			path = "Event Details Views";
			sourceTree = "<group>";
		};
		409F9A1A2C149CF0002C8D1E /* Event */ = {
			isa = PBXGroup;
			children = (
				4037CA592BAC9BBA00627202 /* EventsViewController.swift */,
				4024C3892BBC586200B86351 /* EventDetailsViewController.swift */,
				409F9A1B2C149D17002C8D1E /* EventIncidentsViewController.swift */,
			);
			path = Event;
			sourceTree = "<group>";
		};
		409F9A1D2C14A3C3002C8D1E /* Incidents */ = {
			isa = PBXGroup;
			children = (
				409F9A352C15DAD9002C8D1E /* BasketballPoint */,
				409F9A2C2C159E8E002C8D1E /* Goal */,
				409F9A232C14BB64002C8D1E /* Card */,
				409F9A202C14A912002C8D1E /* Period */,
				409F9A3E2C161AD8002C8D1E /* EmptyIncidentsView.swift */,
			);
			path = Incidents;
			sourceTree = "<group>";
		};
		409F9A202C14A912002C8D1E /* Period */ = {
			isa = PBXGroup;
			children = (
				409F9A1E2C14A618002C8D1E /* PeriodIncidentView.swift */,
				409F9A212C14A922002C8D1E /* PeriodIncidentViewCell.swift */,
			);
			path = Period;
			sourceTree = "<group>";
		};
		409F9A232C14BB64002C8D1E /* Card */ = {
			isa = PBXGroup;
			children = (
				409F9A242C14BB87002C8D1E /* HomeCardIncidentView.swift */,
				409F9A282C1599F7002C8D1E /* HomeCardIncidentViewCell.swift */,
				409F9A262C14BB95002C8D1E /* AwayCardIncidentView.swift */,
				409F9A2A2C159A07002C8D1E /* AwayCardIncidentViewCell.swift */,
			);
			path = Card;
			sourceTree = "<group>";
		};
		409F9A2C2C159E8E002C8D1E /* Goal */ = {
			isa = PBXGroup;
			children = (
				409F9A2D2C159EA8002C8D1E /* HomeGoalIncidentView.swift */,
				409F9A2F2C159EB1002C8D1E /* HomeGoalIncidentViewCell.swift */,
				409F9A312C159EBA002C8D1E /* AwayGoalIncidentView.swift */,
				409F9A332C159EC7002C8D1E /* AwayGoalIncidentViewCell.swift */,
			);
			path = Goal;
			sourceTree = "<group>";
		};
		409F9A352C15DAD9002C8D1E /* BasketballPoint */ = {
			isa = PBXGroup;
			children = (
				409F9A362C15DAFA002C8D1E /* BasketballHomeGoalIncidentView.swift */,
				409F9A382C15DB0B002C8D1E /* BasketballHomeGoalIncidentViewCell.swift */,
				409F9A3A2C15DB18002C8D1E /* BasketballAwayGoalIncidentView.swift */,
				409F9A3C2C15DB20002C8D1E /* BasketballAwayGoalIncidentViewCell.swift */,
			);
			path = BasketballPoint;
			sourceTree = "<group>";
		};
		409F9A482C166765002C8D1E /* Tournament Details Views */ = {
			isa = PBXGroup;
			children = (
				409F9A5C2C1736ED002C8D1E /* TournamentStandingsRowView.swift */,
				409F9A622C173C28002C8D1E /* Am Football */,
				409F9A612C173C21002C8D1E /* Basketball */,
				409F9A602C173C1B002C8D1E /* Football */,
				409F9A492C16677D002C8D1E /* TournamentDetailsHeaderView.swift */,
				409F9A4B2C16775D002C8D1E /* TournamentDetailsTabItemView.swift */,
				409F9A4D2C167770002C8D1E /* TournamentDetailsTabView.swift */,
			);
			path = "Tournament Details Views";
			sourceTree = "<group>";
		};
		409F9A512C168010002C8D1E /* Tournament */ = {
			isa = PBXGroup;
			children = (
				408C059C2C04FAD600421136 /* TournamentDetailsViewController.swift */,
				409F9A522C16803F002C8D1E /* TournamentMatchesViewController.swift */,
				409F9A542C16804B002C8D1E /* TournamentStandingsViewController.swift */,
			);
			path = Tournament;
			sourceTree = "<group>";
		};
		409F9A602C173C1B002C8D1E /* Football */ = {
			isa = PBXGroup;
			children = (
				409F9A5A2C1736DD002C8D1E /* FootballStandingsHeaderView.swift */,
				409F9A692C173D2D002C8D1E /* FootballStandingsHeader.swift */,
				409F9A6F2C1744A0002C8D1E /* FootballStandingsCellView.swift */,
				409F9A712C1744A7002C8D1E /* FootballStandingsCell.swift */,
			);
			path = Football;
			sourceTree = "<group>";
		};
		409F9A612C173C21002C8D1E /* Basketball */ = {
			isa = PBXGroup;
			children = (
				409F9A5E2C173B5A002C8D1E /* BasketballStandingsHeaderView.swift */,
				409F9A672C173D21002C8D1E /* BasketballStandingsHeader.swift */,
				409F9A732C1744B8002C8D1E /* BasketballStandingsCellView.swift */,
				409F9A752C1744C2002C8D1E /* BasketballStandingsCell.swift */,
			);
			path = Basketball;
			sourceTree = "<group>";
		};
		409F9A622C173C28002C8D1E /* Am Football */ = {
			isa = PBXGroup;
			children = (
				409F9A632C173C76002C8D1E /* AmFootballStandingsHeaderView.swift */,
				409F9A652C173D16002C8D1E /* AmFootballStandingsHeader.swift */,
				409F9A6B2C17448E002C8D1E /* AmFootballStandingsCellView.swift */,
				409F9A6D2C174495002C8D1E /* AmFootballStandingsCell.swift */,
			);
			path = "Am Football";
			sourceTree = "<group>";
		};
		40E803D72BA324520097C8C1 /* Models */ = {
			isa = PBXGroup;
			children = (
				40E50C402BBD770300811859 /* TabBarSports.swift */,
				40E50C462BBDE2C800811859 /* TabBarItemModel.swift */,
				40A7721A2BE83AA600801DF3 /* ApiEventModel.swift */,
			);
			path = Models;
			sourceTree = "<group>";
		};
		40E803D82BA324610097C8C1 /* Views */ = {
			isa = PBXGroup;
			children = (
				409F9A482C166765002C8D1E /* Tournament Details Views */,
				409F9A1D2C14A3C3002C8D1E /* Incidents */,
				409F9A152C136703002C8D1E /* Event Details Views */,
				40009D112BE64C710024E85B /* Calendar Views */,
				405F38B72BBED8A400FE9F95 /* Header Views */,
				405F38B62BBED88300FE9F95 /* Event Views */,
				405F38B52BBED85900FE9F95 /* Tab Views */,
				401626532BACE38B00F08AF4 /* Table Cell Views */,
				4024C3952BBC6C4200B86351 /* SafeAreaCoverView.swift */,
			);
			path = Views;
			sourceTree = "<group>";
		};
		40E803D92BA3246A0097C8C1 /* Controllers */ = {
			isa = PBXGroup;
			children = (
				4024C38B2BBC66C100B86351 /* MainViewController.swift */,
				409F9A512C168010002C8D1E /* Tournament */,
				409F9A1A2C149CF0002C8D1E /* Event */,
				40009D1B2BE7BD870024E85B /* CalendarViewController.swift */,
				40CD8DAF2BBD5A4E001B7B1B /* SettingsViewController.swift */,
				409F9A402C164EC2002C8D1E /* TeamDetailsViewController.swift */,
				409F9A422C164ED4002C8D1E /* PlayerDetailsViewController.swift */,
				409F9A462C1658ED002C8D1E /* LeaguesViewController.swift */,
			);
			path = Controllers;
			sourceTree = "<group>";
		};
		40E803DF2BA352E00097C8C1 /* fonts */ = {
			isa = PBXGroup;
			children = (
				406838F82BA5E2AD00B7FF60 /* Roboto-Bold.ttf */,
				406838F92BA5E2AD00B7FF60 /* Roboto-Regular.ttf */,
				406838FA2BA5E2AD00B7FF60 /* RobotoCondensed-Regular.ttf */,
			);
			path = fonts;
			sourceTree = "<group>";
		};
		40F216222BA7A78F00A777BE /* Attributes */ = {
			isa = PBXGroup;
			children = (
				40E803DA2BA34B870097C8C1 /* Fonts.swift */,
				4037CA522BAC50F000627202 /* String+Common.swift */,
				4050B1952BEA369C00682C55 /* UIImageView+Common.swift */,
			);
			path = Attributes;
			sourceTree = "<group>";
		};
/* End PBXGroup section */

/* Begin PBXNativeTarget section */
		403B1B1F2B9F0E4000AD49C2 /* SofascoreAcademy */ = {
			isa = PBXNativeTarget;
			buildConfigurationList = 403B1B342B9F0E4100AD49C2 /* Build configuration list for PBXNativeTarget "SofascoreAcademy" */;
			buildPhases = (
				403B1B1C2B9F0E4000AD49C2 /* Sources */,
				403B1B1D2B9F0E4000AD49C2 /* Frameworks */,
				403B1B1E2B9F0E4000AD49C2 /* Resources */,
			);
			buildRules = (
			);
			dependencies = (
			);
			name = SofascoreAcademy;
			packageProductDependencies = (
				40DF835C2BA1BD1600B2063E /* SnapKit */,
				40DF835E2BA1BD1600B2063E /* SnapKit-Dynamic */,
				40DF83612BA1BD4200B2063E /* SofaAcademic */,
			);
			productName = SofascoreAcademy;
			productReference = 403B1B202B9F0E4000AD49C2 /* SofascoreAcademy.app */;
			productType = "com.apple.product-type.application";
		};
/* End PBXNativeTarget section */

/* Begin PBXProject section */
		403B1B182B9F0E4000AD49C2 /* Project object */ = {
			isa = PBXProject;
			attributes = {
				BuildIndependentTargetsInParallel = 1;
				LastSwiftUpdateCheck = 1520;
				LastUpgradeCheck = 1520;
				TargetAttributes = {
					403B1B1F2B9F0E4000AD49C2 = {
						CreatedOnToolsVersion = 15.2;
					};
				};
			};
			buildConfigurationList = 403B1B1B2B9F0E4000AD49C2 /* Build configuration list for PBXProject "SofascoreAcademy" */;
			compatibilityVersion = "Xcode 14.0";
			developmentRegion = en;
			hasScannedForEncodings = 0;
			knownRegions = (
				en,
				Base,
			);
			mainGroup = 403B1B172B9F0E4000AD49C2;
			packageReferences = (
				40DF835B2BA1BD1600B2063E /* XCRemoteSwiftPackageReference "SnapKit" */,
				40DF83602BA1BD4200B2063E /* XCRemoteSwiftPackageReference "academy" */,
			);
			productRefGroup = 403B1B212B9F0E4000AD49C2 /* Products */;
			projectDirPath = "";
			projectRoot = "";
			targets = (
				403B1B1F2B9F0E4000AD49C2 /* SofascoreAcademy */,
			);
		};
/* End PBXProject section */

/* Begin PBXResourcesBuildPhase section */
		403B1B1E2B9F0E4000AD49C2 /* Resources */ = {
			isa = PBXResourcesBuildPhase;
			buildActionMask = 2147483647;
			files = (
				403B1B302B9F0E4100AD49C2 /* LaunchScreen.storyboard in Resources */,
				403B1B2D2B9F0E4100AD49C2 /* Assets.xcassets in Resources */,
				406838FC2BA5E2AD00B7FF60 /* Roboto-Regular.ttf in Resources */,
				406838FD2BA5E2AD00B7FF60 /* RobotoCondensed-Regular.ttf in Resources */,
				406838FB2BA5E2AD00B7FF60 /* Roboto-Bold.ttf in Resources */,
			);
			runOnlyForDeploymentPostprocessing = 0;
		};
/* End PBXResourcesBuildPhase section */

/* Begin PBXSourcesBuildPhase section */
		403B1B1C2B9F0E4000AD49C2 /* Sources */ = {
			isa = PBXSourcesBuildPhase;
			buildActionMask = 2147483647;
			files = (
				409F9A1C2C149D17002C8D1E /* EventIncidentsViewController.swift in Sources */,
				409F9A742C1744B8002C8D1E /* BasketballStandingsCellView.swift in Sources */,
				40009D1C2BE7BD870024E85B /* CalendarViewController.swift in Sources */,
				4037CA532BAC50F000627202 /* String+Common.swift in Sources */,
				409F9A4C2C16775D002C8D1E /* TournamentDetailsTabItemView.swift in Sources */,
				409F9A472C1658ED002C8D1E /* LeaguesViewController.swift in Sources */,
				409F9A552C16804B002C8D1E /* TournamentStandingsViewController.swift in Sources */,
				409F9A292C1599F7002C8D1E /* HomeCardIncidentViewCell.swift in Sources */,
				4050B1962BEA369C00682C55 /* UIImageView+Common.swift in Sources */,
				409F9A762C1744C2002C8D1E /* BasketballStandingsCell.swift in Sources */,
				408C05992C04E5E500421136 /* EmptyEventsView.swift in Sources */,
				4050B19A2BEB89AC00682C55 /* CalendarItemDelegateProtocol.swift in Sources */,
				409F9A642C173C76002C8D1E /* AmFootballStandingsHeaderView.swift in Sources */,
				403D4B052BCC26C0005936BA /* AnimationsHelper.swift in Sources */,
				409F9A412C164EC2002C8D1E /* TeamDetailsViewController.swift in Sources */,
				40932A342BAD860A00DCD1D6 /* TournamentHeaderView.swift in Sources */,
				40A772192BE7D8D000801DF3 /* CalendarCollectionCell.swift in Sources */,
				40932A2C2BAD83DA00DCD1D6 /* EventView.swift in Sources */,
				409F9A6E2C174495002C8D1E /* AmFootballStandingsCell.swift in Sources */,
				403D4B032BCBEA90005936BA /* UserDefaultsHelper.swift in Sources */,
				40009D132BE64C890024E85B /* CalendarItemView.swift in Sources */,
				4024C3962BBC6C4200B86351 /* SafeAreaCoverView.swift in Sources */,
				4024C3922BBC672100B86351 /* TabItemView.swift in Sources */,
				409F9A322C159EBA002C8D1E /* AwayGoalIncidentView.swift in Sources */,
				401626522BACD6CF00F08AF4 /* TournamentTableHeader.swift in Sources */,
				409F9A172C13675A002C8D1E /* EventDetailsTeamView.swift in Sources */,
				409F9A272C14BB95002C8D1E /* AwayCardIncidentView.swift in Sources */,
				409F9A5B2C1736DD002C8D1E /* FootballStandingsHeaderView.swift in Sources */,
				409F9A6C2C17448E002C8D1E /* AmFootballStandingsCellView.swift in Sources */,
				4024C38E2BBC66D600B86351 /* MainHeaderView.swift in Sources */,
				40A7721B2BE83AA600801DF3 /* ApiEventModel.swift in Sources */,
				409F9A2B2C159A07002C8D1E /* AwayCardIncidentViewCell.swift in Sources */,
				409F9A222C14A922002C8D1E /* PeriodIncidentViewCell.swift in Sources */,
				403D4B082BCE5DDF005936BA /* ApiClient.swift in Sources */,
				409F9A592C16FC43002C8D1E /* RoundHeaderView.swift in Sources */,
				409F9A3B2C15DB18002C8D1E /* BasketballAwayGoalIncidentView.swift in Sources */,
				40E50C472BBDE2C800811859 /* TabBarItemModel.swift in Sources */,
				409F9A372C15DAFA002C8D1E /* BasketballHomeGoalIncidentView.swift in Sources */,
				405F38B42BBED85100FE9F95 /* TabView.swift in Sources */,
				409F9A5F2C173B5A002C8D1E /* BasketballStandingsHeaderView.swift in Sources */,
				409F9A5D2C1736ED002C8D1E /* TournamentStandingsRowView.swift in Sources */,
				4050B19C2BEBBA6200682C55 /* CalendarViewHelper.swift in Sources */,
				4024C38A2BBC586200B86351 /* EventDetailsViewController.swift in Sources */,
				409F9A3D2C15DB20002C8D1E /* BasketballAwayGoalIncidentViewCell.swift in Sources */,
				409F9A432C164ED4002C8D1E /* PlayerDetailsViewController.swift in Sources */,
				4060D63D2BEF77DF00E8574B /* TabItemHelper.swift in Sources */,
				409F9A722C1744A7002C8D1E /* FootballStandingsCell.swift in Sources */,
				409F9A452C165139002C8D1E /* TeamDetailsDelegateProtocol.swift in Sources */,
				4024C38C2BBC66C200B86351 /* MainViewController.swift in Sources */,
				40CD8DB02BBD5A4E001B7B1B /* SettingsViewController.swift in Sources */,
				409F9A3F2C161AD8002C8D1E /* EmptyIncidentsView.swift in Sources */,
				40E803DB2BA34B870097C8C1 /* Fonts.swift in Sources */,
				409F9A6A2C173D2D002C8D1E /* FootballStandingsHeader.swift in Sources */,
				409F9A1F2C14A618002C8D1E /* PeriodIncidentView.swift in Sources */,
				409F9A702C1744A0002C8D1E /* FootballStandingsCellView.swift in Sources */,
				409F9A392C15DB0B002C8D1E /* BasketballHomeGoalIncidentViewCell.swift in Sources */,
				40E50C412BBD770300811859 /* TabBarSports.swift in Sources */,
				409F9A342C159EC7002C8D1E /* AwayGoalIncidentViewCell.swift in Sources */,
				409F9A682C173D21002C8D1E /* BasketballStandingsHeader.swift in Sources */,
				4037CA5C2BAC9F7A00627202 /* EventTableCell.swift in Sources */,
				409F9A502C167C42002C8D1E /* TournamentTabItemDelegateProtocol.swift in Sources */,
				405F38BA2BBEE94300FE9F95 /* TabItemDelegateProtocol.swift in Sources */,
				409F9A4E2C167770002C8D1E /* TournamentDetailsTabView.swift in Sources */,
				409F9A662C173D16002C8D1E /* AmFootballStandingsHeader.swift in Sources */,
				409F9A572C1680F7002C8D1E /* TableRoundHeader.swift in Sources */,
				409F9A4A2C16677D002C8D1E /* TournamentDetailsHeaderView.swift in Sources */,
				403B1B242B9F0E4000AD49C2 /* AppDelegate.swift in Sources */,
				409F9A532C16803F002C8D1E /* TournamentMatchesViewController.swift in Sources */,
				409F9A252C14BB87002C8D1E /* HomeCardIncidentView.swift in Sources */,
				40932A2E2BAD845B00DCD1D6 /* MatchTimeView.swift in Sources */,
				409F9A302C159EB1002C8D1E /* HomeGoalIncidentViewCell.swift in Sources */,
				408C059D2C04FAD600421136 /* TournamentDetailsViewController.swift in Sources */,
				4097FBE02BAB78C200CB4692 /* EventDateHelper.swift in Sources */,
				409F9A192C136A8D002C8D1E /* EventDetailsMainView.swift in Sources */,
				4037CA5A2BAC9BBA00627202 /* EventsViewController.swift in Sources */,
				409F9A2E2C159EA8002C8D1E /* HomeGoalIncidentView.swift in Sources */,
				40932A322BAD849F00DCD1D6 /* TeamView.swift in Sources */,
			);
			runOnlyForDeploymentPostprocessing = 0;
		};
/* End PBXSourcesBuildPhase section */

/* Begin PBXVariantGroup section */
		403B1B2E2B9F0E4100AD49C2 /* LaunchScreen.storyboard */ = {
			isa = PBXVariantGroup;
			children = (
				403B1B2F2B9F0E4100AD49C2 /* Base */,
			);
			name = LaunchScreen.storyboard;
			sourceTree = "<group>";
		};
/* End PBXVariantGroup section */

/* Begin XCBuildConfiguration section */
		403B1B322B9F0E4100AD49C2 /* Debug */ = {
			isa = XCBuildConfiguration;
			buildSettings = {
				ALWAYS_SEARCH_USER_PATHS = NO;
				ASSETCATALOG_COMPILER_GENERATE_SWIFT_ASSET_SYMBOL_EXTENSIONS = YES;
				CLANG_ANALYZER_NONNULL = YES;
				CLANG_ANALYZER_NUMBER_OBJECT_CONVERSION = YES_AGGRESSIVE;
				CLANG_CXX_LANGUAGE_STANDARD = "gnu++20";
				CLANG_ENABLE_MODULES = YES;
				CLANG_ENABLE_OBJC_ARC = YES;
				CLANG_ENABLE_OBJC_WEAK = YES;
				CLANG_WARN_BLOCK_CAPTURE_AUTORELEASING = YES;
				CLANG_WARN_BOOL_CONVERSION = YES;
				CLANG_WARN_COMMA = YES;
				CLANG_WARN_CONSTANT_CONVERSION = YES;
				CLANG_WARN_DEPRECATED_OBJC_IMPLEMENTATIONS = YES;
				CLANG_WARN_DIRECT_OBJC_ISA_USAGE = YES_ERROR;
				CLANG_WARN_DOCUMENTATION_COMMENTS = YES;
				CLANG_WARN_EMPTY_BODY = YES;
				CLANG_WARN_ENUM_CONVERSION = YES;
				CLANG_WARN_INFINITE_RECURSION = YES;
				CLANG_WARN_INT_CONVERSION = YES;
				CLANG_WARN_NON_LITERAL_NULL_CONVERSION = YES;
				CLANG_WARN_OBJC_IMPLICIT_RETAIN_SELF = YES;
				CLANG_WARN_OBJC_LITERAL_CONVERSION = YES;
				CLANG_WARN_OBJC_ROOT_CLASS = YES_ERROR;
				CLANG_WARN_QUOTED_INCLUDE_IN_FRAMEWORK_HEADER = YES;
				CLANG_WARN_RANGE_LOOP_ANALYSIS = YES;
				CLANG_WARN_STRICT_PROTOTYPES = YES;
				CLANG_WARN_SUSPICIOUS_MOVE = YES;
				CLANG_WARN_UNGUARDED_AVAILABILITY = YES_AGGRESSIVE;
				CLANG_WARN_UNREACHABLE_CODE = YES;
				CLANG_WARN__DUPLICATE_METHOD_MATCH = YES;
				COPY_PHASE_STRIP = NO;
				DEBUG_INFORMATION_FORMAT = dwarf;
				ENABLE_STRICT_OBJC_MSGSEND = YES;
				ENABLE_TESTABILITY = YES;
				ENABLE_USER_SCRIPT_SANDBOXING = YES;
				GCC_C_LANGUAGE_STANDARD = gnu17;
				GCC_DYNAMIC_NO_PIC = NO;
				GCC_NO_COMMON_BLOCKS = YES;
				GCC_OPTIMIZATION_LEVEL = 0;
				GCC_PREPROCESSOR_DEFINITIONS = (
					"DEBUG=1",
					"$(inherited)",
				);
				GCC_WARN_64_TO_32_BIT_CONVERSION = YES;
				GCC_WARN_ABOUT_RETURN_TYPE = YES_ERROR;
				GCC_WARN_UNDECLARED_SELECTOR = YES;
				GCC_WARN_UNINITIALIZED_AUTOS = YES_AGGRESSIVE;
				GCC_WARN_UNUSED_FUNCTION = YES;
				GCC_WARN_UNUSED_VARIABLE = YES;
				IPHONEOS_DEPLOYMENT_TARGET = 17.2;
				LOCALIZATION_PREFERS_STRING_CATALOGS = YES;
				MTL_ENABLE_DEBUG_INFO = INCLUDE_SOURCE;
				MTL_FAST_MATH = YES;
				ONLY_ACTIVE_ARCH = YES;
				SDKROOT = iphoneos;
				SWIFT_ACTIVE_COMPILATION_CONDITIONS = "DEBUG $(inherited)";
				SWIFT_OPTIMIZATION_LEVEL = "-Onone";
			};
			name = Debug;
		};
		403B1B332B9F0E4100AD49C2 /* Release */ = {
			isa = XCBuildConfiguration;
			buildSettings = {
				ALWAYS_SEARCH_USER_PATHS = NO;
				ASSETCATALOG_COMPILER_GENERATE_SWIFT_ASSET_SYMBOL_EXTENSIONS = YES;
				CLANG_ANALYZER_NONNULL = YES;
				CLANG_ANALYZER_NUMBER_OBJECT_CONVERSION = YES_AGGRESSIVE;
				CLANG_CXX_LANGUAGE_STANDARD = "gnu++20";
				CLANG_ENABLE_MODULES = YES;
				CLANG_ENABLE_OBJC_ARC = YES;
				CLANG_ENABLE_OBJC_WEAK = YES;
				CLANG_WARN_BLOCK_CAPTURE_AUTORELEASING = YES;
				CLANG_WARN_BOOL_CONVERSION = YES;
				CLANG_WARN_COMMA = YES;
				CLANG_WARN_CONSTANT_CONVERSION = YES;
				CLANG_WARN_DEPRECATED_OBJC_IMPLEMENTATIONS = YES;
				CLANG_WARN_DIRECT_OBJC_ISA_USAGE = YES_ERROR;
				CLANG_WARN_DOCUMENTATION_COMMENTS = YES;
				CLANG_WARN_EMPTY_BODY = YES;
				CLANG_WARN_ENUM_CONVERSION = YES;
				CLANG_WARN_INFINITE_RECURSION = YES;
				CLANG_WARN_INT_CONVERSION = YES;
				CLANG_WARN_NON_LITERAL_NULL_CONVERSION = YES;
				CLANG_WARN_OBJC_IMPLICIT_RETAIN_SELF = YES;
				CLANG_WARN_OBJC_LITERAL_CONVERSION = YES;
				CLANG_WARN_OBJC_ROOT_CLASS = YES_ERROR;
				CLANG_WARN_QUOTED_INCLUDE_IN_FRAMEWORK_HEADER = YES;
				CLANG_WARN_RANGE_LOOP_ANALYSIS = YES;
				CLANG_WARN_STRICT_PROTOTYPES = YES;
				CLANG_WARN_SUSPICIOUS_MOVE = YES;
				CLANG_WARN_UNGUARDED_AVAILABILITY = YES_AGGRESSIVE;
				CLANG_WARN_UNREACHABLE_CODE = YES;
				CLANG_WARN__DUPLICATE_METHOD_MATCH = YES;
				COPY_PHASE_STRIP = NO;
				DEBUG_INFORMATION_FORMAT = "dwarf-with-dsym";
				ENABLE_NS_ASSERTIONS = NO;
				ENABLE_STRICT_OBJC_MSGSEND = YES;
				ENABLE_USER_SCRIPT_SANDBOXING = YES;
				GCC_C_LANGUAGE_STANDARD = gnu17;
				GCC_NO_COMMON_BLOCKS = YES;
				GCC_WARN_64_TO_32_BIT_CONVERSION = YES;
				GCC_WARN_ABOUT_RETURN_TYPE = YES_ERROR;
				GCC_WARN_UNDECLARED_SELECTOR = YES;
				GCC_WARN_UNINITIALIZED_AUTOS = YES_AGGRESSIVE;
				GCC_WARN_UNUSED_FUNCTION = YES;
				GCC_WARN_UNUSED_VARIABLE = YES;
				IPHONEOS_DEPLOYMENT_TARGET = 17.2;
				LOCALIZATION_PREFERS_STRING_CATALOGS = YES;
				MTL_ENABLE_DEBUG_INFO = NO;
				MTL_FAST_MATH = YES;
				SDKROOT = iphoneos;
				SWIFT_COMPILATION_MODE = wholemodule;
				VALIDATE_PRODUCT = YES;
			};
			name = Release;
		};
		403B1B352B9F0E4100AD49C2 /* Debug */ = {
			isa = XCBuildConfiguration;
			buildSettings = {
				ASSETCATALOG_COMPILER_APPICON_NAME = AppIcon;
				ASSETCATALOG_COMPILER_GLOBAL_ACCENT_COLOR_NAME = AccentColor;
				CODE_SIGN_STYLE = Automatic;
				CURRENT_PROJECT_VERSION = 1;
				GENERATE_INFOPLIST_FILE = YES;
				INFOPLIST_FILE = SofascoreAcademy/Info.plist;
				INFOPLIST_KEY_UIApplicationSupportsIndirectInputEvents = YES;
				INFOPLIST_KEY_UILaunchStoryboardName = LaunchScreen;
				INFOPLIST_KEY_UISupportedInterfaceOrientations_iPad = "UIInterfaceOrientationPortrait UIInterfaceOrientationPortraitUpsideDown UIInterfaceOrientationLandscapeLeft UIInterfaceOrientationLandscapeRight";
				INFOPLIST_KEY_UISupportedInterfaceOrientations_iPhone = "UIInterfaceOrientationPortrait UIInterfaceOrientationLandscapeLeft UIInterfaceOrientationLandscapeRight";
				LD_RUNPATH_SEARCH_PATHS = (
					"$(inherited)",
					"@executable_path/Frameworks",
				);
				MARKETING_VERSION = 1.0;
				PRODUCT_BUNDLE_IDENTIFIER = Sofascore.SofascoreAcademy;
				PRODUCT_NAME = "$(TARGET_NAME)";
				SWIFT_EMIT_LOC_STRINGS = YES;
				SWIFT_VERSION = 5.0;
				TARGETED_DEVICE_FAMILY = "1,2";
			};
			name = Debug;
		};
		403B1B362B9F0E4100AD49C2 /* Release */ = {
			isa = XCBuildConfiguration;
			buildSettings = {
				ASSETCATALOG_COMPILER_APPICON_NAME = AppIcon;
				ASSETCATALOG_COMPILER_GLOBAL_ACCENT_COLOR_NAME = AccentColor;
				CODE_SIGN_STYLE = Automatic;
				CURRENT_PROJECT_VERSION = 1;
				GENERATE_INFOPLIST_FILE = YES;
				INFOPLIST_FILE = SofascoreAcademy/Info.plist;
				INFOPLIST_KEY_UIApplicationSupportsIndirectInputEvents = YES;
				INFOPLIST_KEY_UILaunchStoryboardName = LaunchScreen;
				INFOPLIST_KEY_UISupportedInterfaceOrientations_iPad = "UIInterfaceOrientationPortrait UIInterfaceOrientationPortraitUpsideDown UIInterfaceOrientationLandscapeLeft UIInterfaceOrientationLandscapeRight";
				INFOPLIST_KEY_UISupportedInterfaceOrientations_iPhone = "UIInterfaceOrientationPortrait UIInterfaceOrientationLandscapeLeft UIInterfaceOrientationLandscapeRight";
				LD_RUNPATH_SEARCH_PATHS = (
					"$(inherited)",
					"@executable_path/Frameworks",
				);
				MARKETING_VERSION = 1.0;
				PRODUCT_BUNDLE_IDENTIFIER = Sofascore.SofascoreAcademy;
				PRODUCT_NAME = "$(TARGET_NAME)";
				SWIFT_EMIT_LOC_STRINGS = YES;
				SWIFT_VERSION = 5.0;
				TARGETED_DEVICE_FAMILY = "1,2";
			};
			name = Release;
		};
/* End XCBuildConfiguration section */

/* Begin XCConfigurationList section */
		403B1B1B2B9F0E4000AD49C2 /* Build configuration list for PBXProject "SofascoreAcademy" */ = {
			isa = XCConfigurationList;
			buildConfigurations = (
				403B1B322B9F0E4100AD49C2 /* Debug */,
				403B1B332B9F0E4100AD49C2 /* Release */,
			);
			defaultConfigurationIsVisible = 0;
			defaultConfigurationName = Release;
		};
		403B1B342B9F0E4100AD49C2 /* Build configuration list for PBXNativeTarget "SofascoreAcademy" */ = {
			isa = XCConfigurationList;
			buildConfigurations = (
				403B1B352B9F0E4100AD49C2 /* Debug */,
				403B1B362B9F0E4100AD49C2 /* Release */,
			);
			defaultConfigurationIsVisible = 0;
			defaultConfigurationName = Release;
		};
/* End XCConfigurationList section */

/* Begin XCRemoteSwiftPackageReference section */
		40DF835B2BA1BD1600B2063E /* XCRemoteSwiftPackageReference "SnapKit" */ = {
			isa = XCRemoteSwiftPackageReference;
			repositoryURL = "https://github.com/SnapKit/SnapKit";
			requirement = {
				kind = upToNextMajorVersion;
				minimumVersion = 5.7.1;
			};
		};
		40DF83602BA1BD4200B2063E /* XCRemoteSwiftPackageReference "academy" */ = {
			isa = XCRemoteSwiftPackageReference;
			repositoryURL = "https://github.com/sofascore/academy";
			requirement = {
				branch = master;
				kind = branch;
			};
		};
/* End XCRemoteSwiftPackageReference section */

/* Begin XCSwiftPackageProductDependency section */
		40DF835C2BA1BD1600B2063E /* SnapKit */ = {
			isa = XCSwiftPackageProductDependency;
			package = 40DF835B2BA1BD1600B2063E /* XCRemoteSwiftPackageReference "SnapKit" */;
			productName = SnapKit;
		};
		40DF835E2BA1BD1600B2063E /* SnapKit-Dynamic */ = {
			isa = XCSwiftPackageProductDependency;
			package = 40DF835B2BA1BD1600B2063E /* XCRemoteSwiftPackageReference "SnapKit" */;
			productName = "SnapKit-Dynamic";
		};
		40DF83612BA1BD4200B2063E /* SofaAcademic */ = {
			isa = XCSwiftPackageProductDependency;
			package = 40DF83602BA1BD4200B2063E /* XCRemoteSwiftPackageReference "academy" */;
			productName = SofaAcademic;
		};
/* End XCSwiftPackageProductDependency section */
	};
	rootObject = 403B1B182B9F0E4000AD49C2 /* Project object */;
}
